
Microsoft Visual Studio Solution File, Format Version 12.00
# Visual Studio 15
VisualStudioVersion = 15.0.27004.2006
MinimumVisualStudioVersion = 10.0.40219.1
Project("{2150E333-8FDC-42A3-9474-1A3956D46DE8}") = "iHentai", "iHentai", "{7B1C40EF-F065-4CCB-8578-A550D5466650}"
EndProject
Project("{9A19103F-16F7-4668-BE54-9A1E7A4F7556}") = "iHentai.Core", "src\iHentai\iHentai.Core\iHentai.Core.csproj", "{BE571A72-69E6-4051-A1A4-EA6B97566A80}"
EndProject
Project("{2150E333-8FDC-42A3-9474-1A3956D46DE8}") = "Platforms", "Platforms", "{63BFCB2B-F135-4109-B51A-7995957CA969}"
EndProject
Project("{FAE04EC0-301F-11D3-BF4B-00C04F79EFBC}") = "iHentai.Droid", "src\iHentai\Platforms\iHentai.Droid\iHentai.Droid.csproj", "{240E1FBD-10BF-4523-807E-8DBB457CFD17}"
EndProject
Project("{FAE04EC0-301F-11D3-BF4B-00C04F79EFBC}") = "iHentai.UWP", "src\iHentai\Platforms\iHentai.UWP\iHentai.UWP.csproj", "{305963A9-ABA3-4D85-BE70-1884584DC219}"
EndProject
Project("{FAE04EC0-301F-11D3-BF4B-00C04F79EFBC}") = "iHentai.iOS", "src\iHentai\Platforms\iHentai.iOS\iHentai.iOS.csproj", "{E5648EC6-9A73-421D-B4DA-52A9F73CC9BB}"
EndProject
Project("{2150E333-8FDC-42A3-9474-1A3956D46DE8}") = "Toser", "Toser", "{DA1EEF04-4486-4E80-BF55-F72B338254C2}"
EndProject
Project("{2150E333-8FDC-42A3-9474-1A3956D46DE8}") = "Test", "Test", "{30846289-6DFF-441B-80AD-EDAEEBF09518}"
EndProject
Project("{9A19103F-16F7-4668-BE54-9A1E7A4F7556}") = "iHentai.Test", "test\iHentai\iHentai.Test\iHentai.Test.csproj", "{CAD3BA7B-F95F-4096-8E76-E048EF3B6E4D}"
EndProject
Project("{9A19103F-16F7-4668-BE54-9A1E7A4F7556}") = "iHentai.Services", "src\iHentai\iHentai.Services\iHentai.Services.csproj", "{1BC0DCF4-F772-468C-B9EB-607DC15E711F}"
EndProject
Project("{9A19103F-16F7-4668-BE54-9A1E7A4F7556}") = "Toser", "src\Toser\Toser\Toser.csproj", "{CE07B459-75A1-4BE0-89EC-CC1F7C0BD229}"
EndProject
Project("{D954291E-2A0B-460D-934E-DC6B0785DB48}") = "iHentai.Platforms.Shared", "src\iHentai\Platforms\iHentai.Platforms.Shared\iHentai.Platforms.Shared.shproj", "{7C50BC40-EAD8-4FE2-AA1C-CF78356798AD}"
EndProject
Project("{9A19103F-16F7-4668-BE54-9A1E7A4F7556}") = "iHentai.Mvvm", "src\iHentai\iHentai.Mvvm\iHentai.Mvvm.csproj", "{F15440BE-B12C-4358-A0AB-228BECF3AB1E}"
EndProject
Project("{FAE04EC0-301F-11D3-BF4B-00C04F79EFBC}") = "iHentai.MacOS", "src\iHentai\Platforms\iHentai.MacOS\iHentai.MacOS.csproj", "{917B1B01-42D3-404E-957A-5CCF248C5687}"
EndProject
Global
	GlobalSection(SharedMSBuildProjectFiles) = preSolution
		src\iHentai\Platforms\iHentai.Platforms.Shared\iHentai.Platforms.Shared.projitems*{240e1fbd-10bf-4523-807e-8dbb457cfd17}*SharedItemsImports = 4
		src\iHentai\Platforms\iHentai.Platforms.Shared\iHentai.Platforms.Shared.projitems*{305963a9-aba3-4d85-be70-1884584dc219}*SharedItemsImports = 4
		src\iHentai\Platforms\iHentai.Platforms.Shared\iHentai.Platforms.Shared.projitems*{7c50bc40-ead8-4fe2-aa1c-cf78356798ad}*SharedItemsImports = 13
		src\iHentai\Platforms\iHentai.Platforms.Shared\iHentai.Platforms.Shared.projitems*{917b1b01-42d3-404e-957a-5ccf248c5687}*SharedItemsImports = 4
		src\iHentai\Platforms\iHentai.Platforms.Shared\iHentai.Platforms.Shared.projitems*{e5648ec6-9a73-421d-b4da-52a9f73cc9bb}*SharedItemsImports = 4
	EndGlobalSection
	GlobalSection(SolutionConfigurationPlatforms) = preSolution
		Ad-Hoc|Any CPU = Ad-Hoc|Any CPU
		Ad-Hoc|ARM = Ad-Hoc|ARM
		Ad-Hoc|iPhone = Ad-Hoc|iPhone
		Ad-Hoc|iPhoneSimulator = Ad-Hoc|iPhoneSimulator
		Ad-Hoc|x64 = Ad-Hoc|x64
		Ad-Hoc|x86 = Ad-Hoc|x86
		AppStore|Any CPU = AppStore|Any CPU
		AppStore|ARM = AppStore|ARM
		AppStore|iPhone = AppStore|iPhone
		AppStore|iPhoneSimulator = AppStore|iPhoneSimulator
		AppStore|x64 = AppStore|x64
		AppStore|x86 = AppStore|x86
		Debug|Any CPU = Debug|Any CPU
		Debug|ARM = Debug|ARM
		Debug|iPhone = Debug|iPhone
		Debug|iPhoneSimulator = Debug|iPhoneSimulator
		Debug|x64 = Debug|x64
		Debug|x86 = Debug|x86
		Release|Any CPU = Release|Any CPU
		Release|ARM = Release|ARM
		Release|iPhone = Release|iPhone
		Release|iPhoneSimulator = Release|iPhoneSimulator
		Release|x64 = Release|x64
		Release|x86 = Release|x86
	EndGlobalSection
	GlobalSection(ProjectConfigurationPlatforms) = postSolution
		{BE571A72-69E6-4051-A1A4-EA6B97566A80}.Ad-Hoc|Any CPU.ActiveCfg = Debug|Any CPU
		{BE571A72-69E6-4051-A1A4-EA6B97566A80}.Ad-Hoc|Any CPU.Build.0 = Debug|Any CPU
		{BE571A72-69E6-4051-A1A4-EA6B97566A80}.Ad-Hoc|ARM.ActiveCfg = Debug|Any CPU
		{BE571A72-69E6-4051-A1A4-EA6B97566A80}.Ad-Hoc|ARM.Build.0 = Debug|Any CPU
		{BE571A72-69E6-4051-A1A4-EA6B97566A80}.Ad-Hoc|iPhone.ActiveCfg = Debug|Any CPU
		{BE571A72-69E6-4051-A1A4-EA6B97566A80}.Ad-Hoc|iPhone.Build.0 = Debug|Any CPU
		{BE571A72-69E6-4051-A1A4-EA6B97566A80}.Ad-Hoc|iPhoneSimulator.ActiveCfg = Debug|Any CPU
		{BE571A72-69E6-4051-A1A4-EA6B97566A80}.Ad-Hoc|iPhoneSimulator.Build.0 = Debug|Any CPU
		{BE571A72-69E6-4051-A1A4-EA6B97566A80}.Ad-Hoc|x64.ActiveCfg = Debug|Any CPU
		{BE571A72-69E6-4051-A1A4-EA6B97566A80}.Ad-Hoc|x64.Build.0 = Debug|Any CPU
		{BE571A72-69E6-4051-A1A4-EA6B97566A80}.Ad-Hoc|x86.ActiveCfg = Debug|Any CPU
		{BE571A72-69E6-4051-A1A4-EA6B97566A80}.Ad-Hoc|x86.Build.0 = Debug|Any CPU
		{BE571A72-69E6-4051-A1A4-EA6B97566A80}.AppStore|Any CPU.ActiveCfg = Debug|Any CPU
		{BE571A72-69E6-4051-A1A4-EA6B97566A80}.AppStore|Any CPU.Build.0 = Debug|Any CPU
		{BE571A72-69E6-4051-A1A4-EA6B97566A80}.AppStore|ARM.ActiveCfg = Debug|Any CPU
		{BE571A72-69E6-4051-A1A4-EA6B97566A80}.AppStore|ARM.Build.0 = Debug|Any CPU
		{BE571A72-69E6-4051-A1A4-EA6B97566A80}.AppStore|iPhone.ActiveCfg = Debug|Any CPU
		{BE571A72-69E6-4051-A1A4-EA6B97566A80}.AppStore|iPhone.Build.0 = Debug|Any CPU
		{BE571A72-69E6-4051-A1A4-EA6B97566A80}.AppStore|iPhoneSimulator.ActiveCfg = Debug|Any CPU
		{BE571A72-69E6-4051-A1A4-EA6B97566A80}.AppStore|iPhoneSimulator.Build.0 = Debug|Any CPU
		{BE571A72-69E6-4051-A1A4-EA6B97566A80}.AppStore|x64.ActiveCfg = Debug|Any CPU
		{BE571A72-69E6-4051-A1A4-EA6B97566A80}.AppStore|x64.Build.0 = Debug|Any CPU
		{BE571A72-69E6-4051-A1A4-EA6B97566A80}.AppStore|x86.ActiveCfg = Debug|Any CPU
		{BE571A72-69E6-4051-A1A4-EA6B97566A80}.AppStore|x86.Build.0 = Debug|Any CPU
		{BE571A72-69E6-4051-A1A4-EA6B97566A80}.Debug|Any CPU.ActiveCfg = Debug|Any CPU
		{BE571A72-69E6-4051-A1A4-EA6B97566A80}.Debug|Any CPU.Build.0 = Debug|Any CPU
		{BE571A72-69E6-4051-A1A4-EA6B97566A80}.Debug|ARM.ActiveCfg = Debug|Any CPU
		{BE571A72-69E6-4051-A1A4-EA6B97566A80}.Debug|ARM.Build.0 = Debug|Any CPU
		{BE571A72-69E6-4051-A1A4-EA6B97566A80}.Debug|iPhone.ActiveCfg = Debug|Any CPU
		{BE571A72-69E6-4051-A1A4-EA6B97566A80}.Debug|iPhone.Build.0 = Debug|Any CPU
		{BE571A72-69E6-4051-A1A4-EA6B97566A80}.Debug|iPhoneSimulator.ActiveCfg = Debug|Any CPU
		{BE571A72-69E6-4051-A1A4-EA6B97566A80}.Debug|iPhoneSimulator.Build.0 = Debug|Any CPU
		{BE571A72-69E6-4051-A1A4-EA6B97566A80}.Debug|x64.ActiveCfg = Debug|Any CPU
		{BE571A72-69E6-4051-A1A4-EA6B97566A80}.Debug|x64.Build.0 = Debug|Any CPU
		{BE571A72-69E6-4051-A1A4-EA6B97566A80}.Debug|x86.ActiveCfg = Debug|Any CPU
		{BE571A72-69E6-4051-A1A4-EA6B97566A80}.Debug|x86.Build.0 = Debug|Any CPU
		{BE571A72-69E6-4051-A1A4-EA6B97566A80}.Release|Any CPU.ActiveCfg = Release|Any CPU
		{BE571A72-69E6-4051-A1A4-EA6B97566A80}.Release|Any CPU.Build.0 = Release|Any CPU
		{BE571A72-69E6-4051-A1A4-EA6B97566A80}.Release|ARM.ActiveCfg = Release|Any CPU
		{BE571A72-69E6-4051-A1A4-EA6B97566A80}.Release|ARM.Build.0 = Release|Any CPU
		{BE571A72-69E6-4051-A1A4-EA6B97566A80}.Release|iPhone.ActiveCfg = Release|Any CPU
		{BE571A72-69E6-4051-A1A4-EA6B97566A80}.Release|iPhone.Build.0 = Release|Any CPU
		{BE571A72-69E6-4051-A1A4-EA6B97566A80}.Release|iPhoneSimulator.ActiveCfg = Release|Any CPU
		{BE571A72-69E6-4051-A1A4-EA6B97566A80}.Release|iPhoneSimulator.Build.0 = Release|Any CPU
		{BE571A72-69E6-4051-A1A4-EA6B97566A80}.Release|x64.ActiveCfg = Release|Any CPU
		{BE571A72-69E6-4051-A1A4-EA6B97566A80}.Release|x64.Build.0 = Release|Any CPU
		{BE571A72-69E6-4051-A1A4-EA6B97566A80}.Release|x86.ActiveCfg = Release|Any CPU
		{BE571A72-69E6-4051-A1A4-EA6B97566A80}.Release|x86.Build.0 = Release|Any CPU
		{240E1FBD-10BF-4523-807E-8DBB457CFD17}.Ad-Hoc|Any CPU.ActiveCfg = Release|Any CPU
		{240E1FBD-10BF-4523-807E-8DBB457CFD17}.Ad-Hoc|Any CPU.Build.0 = Release|Any CPU
		{240E1FBD-10BF-4523-807E-8DBB457CFD17}.Ad-Hoc|Any CPU.Deploy.0 = Release|Any CPU
		{240E1FBD-10BF-4523-807E-8DBB457CFD17}.Ad-Hoc|ARM.ActiveCfg = Release|Any CPU
		{240E1FBD-10BF-4523-807E-8DBB457CFD17}.Ad-Hoc|ARM.Build.0 = Release|Any CPU
		{240E1FBD-10BF-4523-807E-8DBB457CFD17}.Ad-Hoc|ARM.Deploy.0 = Release|Any CPU
		{240E1FBD-10BF-4523-807E-8DBB457CFD17}.Ad-Hoc|iPhone.ActiveCfg = Release|Any CPU
		{240E1FBD-10BF-4523-807E-8DBB457CFD17}.Ad-Hoc|iPhone.Build.0 = Release|Any CPU
		{240E1FBD-10BF-4523-807E-8DBB457CFD17}.Ad-Hoc|iPhone.Deploy.0 = Release|Any CPU
		{240E1FBD-10BF-4523-807E-8DBB457CFD17}.Ad-Hoc|iPhoneSimulator.ActiveCfg = Release|Any CPU
		{240E1FBD-10BF-4523-807E-8DBB457CFD17}.Ad-Hoc|iPhoneSimulator.Build.0 = Release|Any CPU
		{240E1FBD-10BF-4523-807E-8DBB457CFD17}.Ad-Hoc|iPhoneSimulator.Deploy.0 = Release|Any CPU
		{240E1FBD-10BF-4523-807E-8DBB457CFD17}.Ad-Hoc|x64.ActiveCfg = Release|Any CPU
		{240E1FBD-10BF-4523-807E-8DBB457CFD17}.Ad-Hoc|x64.Build.0 = Release|Any CPU
		{240E1FBD-10BF-4523-807E-8DBB457CFD17}.Ad-Hoc|x64.Deploy.0 = Release|Any CPU
		{240E1FBD-10BF-4523-807E-8DBB457CFD17}.Ad-Hoc|x86.ActiveCfg = Release|Any CPU
		{240E1FBD-10BF-4523-807E-8DBB457CFD17}.Ad-Hoc|x86.Build.0 = Release|Any CPU
		{240E1FBD-10BF-4523-807E-8DBB457CFD17}.Ad-Hoc|x86.Deploy.0 = Release|Any CPU
		{240E1FBD-10BF-4523-807E-8DBB457CFD17}.AppStore|Any CPU.ActiveCfg = Release|Any CPU
		{240E1FBD-10BF-4523-807E-8DBB457CFD17}.AppStore|Any CPU.Build.0 = Release|Any CPU
		{240E1FBD-10BF-4523-807E-8DBB457CFD17}.AppStore|Any CPU.Deploy.0 = Release|Any CPU
		{240E1FBD-10BF-4523-807E-8DBB457CFD17}.AppStore|ARM.ActiveCfg = Release|Any CPU
		{240E1FBD-10BF-4523-807E-8DBB457CFD17}.AppStore|ARM.Build.0 = Release|Any CPU
		{240E1FBD-10BF-4523-807E-8DBB457CFD17}.AppStore|ARM.Deploy.0 = Release|Any CPU
		{240E1FBD-10BF-4523-807E-8DBB457CFD17}.AppStore|iPhone.ActiveCfg = Release|Any CPU
		{240E1FBD-10BF-4523-807E-8DBB457CFD17}.AppStore|iPhone.Build.0 = Release|Any CPU
		{240E1FBD-10BF-4523-807E-8DBB457CFD17}.AppStore|iPhone.Deploy.0 = Release|Any CPU
		{240E1FBD-10BF-4523-807E-8DBB457CFD17}.AppStore|iPhoneSimulator.ActiveCfg = Release|Any CPU
		{240E1FBD-10BF-4523-807E-8DBB457CFD17}.AppStore|iPhoneSimulator.Build.0 = Release|Any CPU
		{240E1FBD-10BF-4523-807E-8DBB457CFD17}.AppStore|iPhoneSimulator.Deploy.0 = Release|Any CPU
		{240E1FBD-10BF-4523-807E-8DBB457CFD17}.AppStore|x64.ActiveCfg = Release|Any CPU
		{240E1FBD-10BF-4523-807E-8DBB457CFD17}.AppStore|x64.Build.0 = Release|Any CPU
		{240E1FBD-10BF-4523-807E-8DBB457CFD17}.AppStore|x64.Deploy.0 = Release|Any CPU
		{240E1FBD-10BF-4523-807E-8DBB457CFD17}.AppStore|x86.ActiveCfg = Release|Any CPU
		{240E1FBD-10BF-4523-807E-8DBB457CFD17}.AppStore|x86.Build.0 = Release|Any CPU
		{240E1FBD-10BF-4523-807E-8DBB457CFD17}.AppStore|x86.Deploy.0 = Release|Any CPU
		{240E1FBD-10BF-4523-807E-8DBB457CFD17}.Debug|Any CPU.ActiveCfg = Debug|Any CPU
		{240E1FBD-10BF-4523-807E-8DBB457CFD17}.Debug|Any CPU.Build.0 = Debug|Any CPU
		{240E1FBD-10BF-4523-807E-8DBB457CFD17}.Debug|Any CPU.Deploy.0 = Debug|Any CPU
		{240E1FBD-10BF-4523-807E-8DBB457CFD17}.Debug|ARM.ActiveCfg = Debug|Any CPU
		{240E1FBD-10BF-4523-807E-8DBB457CFD17}.Debug|ARM.Build.0 = Debug|Any CPU
		{240E1FBD-10BF-4523-807E-8DBB457CFD17}.Debug|ARM.Deploy.0 = Debug|Any CPU
		{240E1FBD-10BF-4523-807E-8DBB457CFD17}.Debug|iPhone.ActiveCfg = Debug|Any CPU
		{240E1FBD-10BF-4523-807E-8DBB457CFD17}.Debug|iPhone.Build.0 = Debug|Any CPU
		{240E1FBD-10BF-4523-807E-8DBB457CFD17}.Debug|iPhone.Deploy.0 = Debug|Any CPU
		{240E1FBD-10BF-4523-807E-8DBB457CFD17}.Debug|iPhoneSimulator.ActiveCfg = Debug|Any CPU
		{240E1FBD-10BF-4523-807E-8DBB457CFD17}.Debug|iPhoneSimulator.Build.0 = Debug|Any CPU
		{240E1FBD-10BF-4523-807E-8DBB457CFD17}.Debug|iPhoneSimulator.Deploy.0 = Debug|Any CPU
		{240E1FBD-10BF-4523-807E-8DBB457CFD17}.Debug|x64.ActiveCfg = Debug|Any CPU
		{240E1FBD-10BF-4523-807E-8DBB457CFD17}.Debug|x64.Build.0 = Debug|Any CPU
		{240E1FBD-10BF-4523-807E-8DBB457CFD17}.Debug|x64.Deploy.0 = Debug|Any CPU
		{240E1FBD-10BF-4523-807E-8DBB457CFD17}.Debug|x86.ActiveCfg = Debug|Any CPU
		{240E1FBD-10BF-4523-807E-8DBB457CFD17}.Debug|x86.Build.0 = Debug|Any CPU
		{240E1FBD-10BF-4523-807E-8DBB457CFD17}.Debug|x86.Deploy.0 = Debug|Any CPU
		{240E1FBD-10BF-4523-807E-8DBB457CFD17}.Release|Any CPU.ActiveCfg = Release|Any CPU
		{240E1FBD-10BF-4523-807E-8DBB457CFD17}.Release|Any CPU.Build.0 = Release|Any CPU
		{240E1FBD-10BF-4523-807E-8DBB457CFD17}.Release|Any CPU.Deploy.0 = Release|Any CPU
		{240E1FBD-10BF-4523-807E-8DBB457CFD17}.Release|ARM.ActiveCfg = Release|Any CPU
		{240E1FBD-10BF-4523-807E-8DBB457CFD17}.Release|ARM.Build.0 = Release|Any CPU
		{240E1FBD-10BF-4523-807E-8DBB457CFD17}.Release|ARM.Deploy.0 = Release|Any CPU
		{240E1FBD-10BF-4523-807E-8DBB457CFD17}.Release|iPhone.ActiveCfg = Release|Any CPU
		{240E1FBD-10BF-4523-807E-8DBB457CFD17}.Release|iPhone.Build.0 = Release|Any CPU
		{240E1FBD-10BF-4523-807E-8DBB457CFD17}.Release|iPhone.Deploy.0 = Release|Any CPU
		{240E1FBD-10BF-4523-807E-8DBB457CFD17}.Release|iPhoneSimulator.ActiveCfg = Release|Any CPU
		{240E1FBD-10BF-4523-807E-8DBB457CFD17}.Release|iPhoneSimulator.Build.0 = Release|Any CPU
		{240E1FBD-10BF-4523-807E-8DBB457CFD17}.Release|iPhoneSimulator.Deploy.0 = Release|Any CPU
		{240E1FBD-10BF-4523-807E-8DBB457CFD17}.Release|x64.ActiveCfg = Release|Any CPU
		{240E1FBD-10BF-4523-807E-8DBB457CFD17}.Release|x64.Build.0 = Release|Any CPU
		{240E1FBD-10BF-4523-807E-8DBB457CFD17}.Release|x64.Deploy.0 = Release|Any CPU
		{240E1FBD-10BF-4523-807E-8DBB457CFD17}.Release|x86.ActiveCfg = Release|Any CPU
		{240E1FBD-10BF-4523-807E-8DBB457CFD17}.Release|x86.Build.0 = Release|Any CPU
		{240E1FBD-10BF-4523-807E-8DBB457CFD17}.Release|x86.Deploy.0 = Release|Any CPU
		{305963A9-ABA3-4D85-BE70-1884584DC219}.Ad-Hoc|Any CPU.ActiveCfg = Release|x64
		{305963A9-ABA3-4D85-BE70-1884584DC219}.Ad-Hoc|Any CPU.Build.0 = Release|x64
		{305963A9-ABA3-4D85-BE70-1884584DC219}.Ad-Hoc|Any CPU.Deploy.0 = Release|x64
		{305963A9-ABA3-4D85-BE70-1884584DC219}.Ad-Hoc|ARM.ActiveCfg = Release|ARM
		{305963A9-ABA3-4D85-BE70-1884584DC219}.Ad-Hoc|ARM.Build.0 = Release|ARM
		{305963A9-ABA3-4D85-BE70-1884584DC219}.Ad-Hoc|ARM.Deploy.0 = Release|ARM
		{305963A9-ABA3-4D85-BE70-1884584DC219}.Ad-Hoc|iPhone.ActiveCfg = Release|x64
		{305963A9-ABA3-4D85-BE70-1884584DC219}.Ad-Hoc|iPhone.Build.0 = Release|x64
		{305963A9-ABA3-4D85-BE70-1884584DC219}.Ad-Hoc|iPhone.Deploy.0 = Release|x64
		{305963A9-ABA3-4D85-BE70-1884584DC219}.Ad-Hoc|iPhoneSimulator.ActiveCfg = Release|x64
		{305963A9-ABA3-4D85-BE70-1884584DC219}.Ad-Hoc|iPhoneSimulator.Build.0 = Release|x64
		{305963A9-ABA3-4D85-BE70-1884584DC219}.Ad-Hoc|iPhoneSimulator.Deploy.0 = Release|x64
		{305963A9-ABA3-4D85-BE70-1884584DC219}.Ad-Hoc|x64.ActiveCfg = Release|x64
		{305963A9-ABA3-4D85-BE70-1884584DC219}.Ad-Hoc|x64.Build.0 = Release|x64
		{305963A9-ABA3-4D85-BE70-1884584DC219}.Ad-Hoc|x64.Deploy.0 = Release|x64
		{305963A9-ABA3-4D85-BE70-1884584DC219}.Ad-Hoc|x86.ActiveCfg = Release|x86
		{305963A9-ABA3-4D85-BE70-1884584DC219}.Ad-Hoc|x86.Build.0 = Release|x86
		{305963A9-ABA3-4D85-BE70-1884584DC219}.Ad-Hoc|x86.Deploy.0 = Release|x86
		{305963A9-ABA3-4D85-BE70-1884584DC219}.AppStore|Any CPU.ActiveCfg = Release|x64
		{305963A9-ABA3-4D85-BE70-1884584DC219}.AppStore|Any CPU.Build.0 = Release|x64
		{305963A9-ABA3-4D85-BE70-1884584DC219}.AppStore|Any CPU.Deploy.0 = Release|x64
		{305963A9-ABA3-4D85-BE70-1884584DC219}.AppStore|ARM.ActiveCfg = Release|ARM
		{305963A9-ABA3-4D85-BE70-1884584DC219}.AppStore|ARM.Build.0 = Release|ARM
		{305963A9-ABA3-4D85-BE70-1884584DC219}.AppStore|ARM.Deploy.0 = Release|ARM
		{305963A9-ABA3-4D85-BE70-1884584DC219}.AppStore|iPhone.ActiveCfg = Release|x64
		{305963A9-ABA3-4D85-BE70-1884584DC219}.AppStore|iPhone.Build.0 = Release|x64
		{305963A9-ABA3-4D85-BE70-1884584DC219}.AppStore|iPhone.Deploy.0 = Release|x64
		{305963A9-ABA3-4D85-BE70-1884584DC219}.AppStore|iPhoneSimulator.ActiveCfg = Release|x64
		{305963A9-ABA3-4D85-BE70-1884584DC219}.AppStore|iPhoneSimulator.Build.0 = Release|x64
		{305963A9-ABA3-4D85-BE70-1884584DC219}.AppStore|iPhoneSimulator.Deploy.0 = Release|x64
		{305963A9-ABA3-4D85-BE70-1884584DC219}.AppStore|x64.ActiveCfg = Release|x64
		{305963A9-ABA3-4D85-BE70-1884584DC219}.AppStore|x64.Build.0 = Release|x64
		{305963A9-ABA3-4D85-BE70-1884584DC219}.AppStore|x64.Deploy.0 = Release|x64
		{305963A9-ABA3-4D85-BE70-1884584DC219}.AppStore|x86.ActiveCfg = Release|x86
		{305963A9-ABA3-4D85-BE70-1884584DC219}.AppStore|x86.Build.0 = Release|x86
		{305963A9-ABA3-4D85-BE70-1884584DC219}.AppStore|x86.Deploy.0 = Release|x86
		{305963A9-ABA3-4D85-BE70-1884584DC219}.Debug|Any CPU.ActiveCfg = Debug|x86
		{305963A9-ABA3-4D85-BE70-1884584DC219}.Debug|ARM.ActiveCfg = Debug|ARM
		{305963A9-ABA3-4D85-BE70-1884584DC219}.Debug|ARM.Build.0 = Debug|ARM
		{305963A9-ABA3-4D85-BE70-1884584DC219}.Debug|ARM.Deploy.0 = Debug|ARM
		{305963A9-ABA3-4D85-BE70-1884584DC219}.Debug|iPhone.ActiveCfg = Debug|x86
		{305963A9-ABA3-4D85-BE70-1884584DC219}.Debug|iPhoneSimulator.ActiveCfg = Debug|x86
		{305963A9-ABA3-4D85-BE70-1884584DC219}.Debug|x64.ActiveCfg = Debug|x64
		{305963A9-ABA3-4D85-BE70-1884584DC219}.Debug|x64.Build.0 = Debug|x64
		{305963A9-ABA3-4D85-BE70-1884584DC219}.Debug|x64.Deploy.0 = Debug|x64
		{305963A9-ABA3-4D85-BE70-1884584DC219}.Debug|x86.ActiveCfg = Debug|x86
		{305963A9-ABA3-4D85-BE70-1884584DC219}.Debug|x86.Build.0 = Debug|x86
		{305963A9-ABA3-4D85-BE70-1884584DC219}.Debug|x86.Deploy.0 = Debug|x86
		{305963A9-ABA3-4D85-BE70-1884584DC219}.Release|Any CPU.ActiveCfg = Release|x86
		{305963A9-ABA3-4D85-BE70-1884584DC219}.Release|ARM.ActiveCfg = Release|ARM
		{305963A9-ABA3-4D85-BE70-1884584DC219}.Release|ARM.Build.0 = Release|ARM
		{305963A9-ABA3-4D85-BE70-1884584DC219}.Release|ARM.Deploy.0 = Release|ARM
		{305963A9-ABA3-4D85-BE70-1884584DC219}.Release|iPhone.ActiveCfg = Release|x86
		{305963A9-ABA3-4D85-BE70-1884584DC219}.Release|iPhoneSimulator.ActiveCfg = Release|x86
		{305963A9-ABA3-4D85-BE70-1884584DC219}.Release|x64.ActiveCfg = Release|x64
		{305963A9-ABA3-4D85-BE70-1884584DC219}.Release|x64.Build.0 = Release|x64
		{305963A9-ABA3-4D85-BE70-1884584DC219}.Release|x64.Deploy.0 = Release|x64
		{305963A9-ABA3-4D85-BE70-1884584DC219}.Release|x86.ActiveCfg = Release|x86
		{305963A9-ABA3-4D85-BE70-1884584DC219}.Release|x86.Build.0 = Release|x86
		{305963A9-ABA3-4D85-BE70-1884584DC219}.Release|x86.Deploy.0 = Release|x86
		{E5648EC6-9A73-421D-B4DA-52A9F73CC9BB}.Ad-Hoc|Any CPU.ActiveCfg = Ad-Hoc|iPhone
		{E5648EC6-9A73-421D-B4DA-52A9F73CC9BB}.Ad-Hoc|ARM.ActiveCfg = Ad-Hoc|iPhone
		{E5648EC6-9A73-421D-B4DA-52A9F73CC9BB}.Ad-Hoc|iPhone.ActiveCfg = Ad-Hoc|iPhone
		{E5648EC6-9A73-421D-B4DA-52A9F73CC9BB}.Ad-Hoc|iPhone.Build.0 = Ad-Hoc|iPhone
		{E5648EC6-9A73-421D-B4DA-52A9F73CC9BB}.Ad-Hoc|iPhoneSimulator.ActiveCfg = Ad-Hoc|iPhoneSimulator
		{E5648EC6-9A73-421D-B4DA-52A9F73CC9BB}.Ad-Hoc|iPhoneSimulator.Build.0 = Ad-Hoc|iPhoneSimulator
		{E5648EC6-9A73-421D-B4DA-52A9F73CC9BB}.Ad-Hoc|x64.ActiveCfg = Ad-Hoc|iPhone
		{E5648EC6-9A73-421D-B4DA-52A9F73CC9BB}.Ad-Hoc|x86.ActiveCfg = Ad-Hoc|iPhone
		{E5648EC6-9A73-421D-B4DA-52A9F73CC9BB}.AppStore|Any CPU.ActiveCfg = AppStore|iPhone
		{E5648EC6-9A73-421D-B4DA-52A9F73CC9BB}.AppStore|ARM.ActiveCfg = AppStore|iPhone
		{E5648EC6-9A73-421D-B4DA-52A9F73CC9BB}.AppStore|iPhone.ActiveCfg = AppStore|iPhone
		{E5648EC6-9A73-421D-B4DA-52A9F73CC9BB}.AppStore|iPhone.Build.0 = AppStore|iPhone
		{E5648EC6-9A73-421D-B4DA-52A9F73CC9BB}.AppStore|iPhoneSimulator.ActiveCfg = AppStore|iPhoneSimulator
		{E5648EC6-9A73-421D-B4DA-52A9F73CC9BB}.AppStore|iPhoneSimulator.Build.0 = AppStore|iPhoneSimulator
		{E5648EC6-9A73-421D-B4DA-52A9F73CC9BB}.AppStore|x64.ActiveCfg = AppStore|iPhone
		{E5648EC6-9A73-421D-B4DA-52A9F73CC9BB}.AppStore|x86.ActiveCfg = AppStore|iPhone
		{E5648EC6-9A73-421D-B4DA-52A9F73CC9BB}.Debug|Any CPU.ActiveCfg = Debug|iPhone
		{E5648EC6-9A73-421D-B4DA-52A9F73CC9BB}.Debug|ARM.ActiveCfg = Debug|iPhone
		{E5648EC6-9A73-421D-B4DA-52A9F73CC9BB}.Debug|iPhone.ActiveCfg = Debug|iPhone
		{E5648EC6-9A73-421D-B4DA-52A9F73CC9BB}.Debug|iPhone.Build.0 = Debug|iPhone
		{E5648EC6-9A73-421D-B4DA-52A9F73CC9BB}.Debug|iPhoneSimulator.ActiveCfg = Debug|iPhoneSimulator
		{E5648EC6-9A73-421D-B4DA-52A9F73CC9BB}.Debug|iPhoneSimulator.Build.0 = Debug|iPhoneSimulator
		{E5648EC6-9A73-421D-B4DA-52A9F73CC9BB}.Debug|x64.ActiveCfg = Debug|iPhone
		{E5648EC6-9A73-421D-B4DA-52A9F73CC9BB}.Debug|x86.ActiveCfg = Debug|iPhone
		{E5648EC6-9A73-421D-B4DA-52A9F73CC9BB}.Release|Any CPU.ActiveCfg = Release|iPhone
		{E5648EC6-9A73-421D-B4DA-52A9F73CC9BB}.Release|ARM.ActiveCfg = Release|iPhone
		{E5648EC6-9A73-421D-B4DA-52A9F73CC9BB}.Release|iPhone.ActiveCfg = Release|iPhone
		{E5648EC6-9A73-421D-B4DA-52A9F73CC9BB}.Release|iPhone.Build.0 = Release|iPhone
		{E5648EC6-9A73-421D-B4DA-52A9F73CC9BB}.Release|iPhoneSimulator.ActiveCfg = Release|iPhoneSimulator
		{E5648EC6-9A73-421D-B4DA-52A9F73CC9BB}.Release|iPhoneSimulator.Build.0 = Release|iPhoneSimulator
		{E5648EC6-9A73-421D-B4DA-52A9F73CC9BB}.Release|x64.ActiveCfg = Release|iPhone
		{E5648EC6-9A73-421D-B4DA-52A9F73CC9BB}.Release|x86.ActiveCfg = Release|iPhone
		{CAD3BA7B-F95F-4096-8E76-E048EF3B6E4D}.Ad-Hoc|Any CPU.ActiveCfg = Release|Any CPU
		{CAD3BA7B-F95F-4096-8E76-E048EF3B6E4D}.Ad-Hoc|Any CPU.Build.0 = Release|Any CPU
		{CAD3BA7B-F95F-4096-8E76-E048EF3B6E4D}.Ad-Hoc|ARM.ActiveCfg = Release|Any CPU
		{CAD3BA7B-F95F-4096-8E76-E048EF3B6E4D}.Ad-Hoc|ARM.Build.0 = Release|Any CPU
		{CAD3BA7B-F95F-4096-8E76-E048EF3B6E4D}.Ad-Hoc|iPhone.ActiveCfg = Release|Any CPU
		{CAD3BA7B-F95F-4096-8E76-E048EF3B6E4D}.Ad-Hoc|iPhone.Build.0 = Release|Any CPU
		{CAD3BA7B-F95F-4096-8E76-E048EF3B6E4D}.Ad-Hoc|iPhoneSimulator.ActiveCfg = Release|Any CPU
		{CAD3BA7B-F95F-4096-8E76-E048EF3B6E4D}.Ad-Hoc|iPhoneSimulator.Build.0 = Release|Any CPU
		{CAD3BA7B-F95F-4096-8E76-E048EF3B6E4D}.Ad-Hoc|x64.ActiveCfg = Release|Any CPU
		{CAD3BA7B-F95F-4096-8E76-E048EF3B6E4D}.Ad-Hoc|x64.Build.0 = Release|Any CPU
		{CAD3BA7B-F95F-4096-8E76-E048EF3B6E4D}.Ad-Hoc|x86.ActiveCfg = Release|Any CPU
		{CAD3BA7B-F95F-4096-8E76-E048EF3B6E4D}.Ad-Hoc|x86.Build.0 = Release|Any CPU
		{CAD3BA7B-F95F-4096-8E76-E048EF3B6E4D}.AppStore|Any CPU.ActiveCfg = Release|Any CPU
		{CAD3BA7B-F95F-4096-8E76-E048EF3B6E4D}.AppStore|Any CPU.Build.0 = Release|Any CPU
		{CAD3BA7B-F95F-4096-8E76-E048EF3B6E4D}.AppStore|ARM.ActiveCfg = Release|Any CPU
		{CAD3BA7B-F95F-4096-8E76-E048EF3B6E4D}.AppStore|ARM.Build.0 = Release|Any CPU
		{CAD3BA7B-F95F-4096-8E76-E048EF3B6E4D}.AppStore|iPhone.ActiveCfg = Release|Any CPU
		{CAD3BA7B-F95F-4096-8E76-E048EF3B6E4D}.AppStore|iPhone.Build.0 = Release|Any CPU
		{CAD3BA7B-F95F-4096-8E76-E048EF3B6E4D}.AppStore|iPhoneSimulator.ActiveCfg = Release|Any CPU
		{CAD3BA7B-F95F-4096-8E76-E048EF3B6E4D}.AppStore|iPhoneSimulator.Build.0 = Release|Any CPU
		{CAD3BA7B-F95F-4096-8E76-E048EF3B6E4D}.AppStore|x64.ActiveCfg = Release|Any CPU
		{CAD3BA7B-F95F-4096-8E76-E048EF3B6E4D}.AppStore|x64.Build.0 = Release|Any CPU
		{CAD3BA7B-F95F-4096-8E76-E048EF3B6E4D}.AppStore|x86.ActiveCfg = Release|Any CPU
		{CAD3BA7B-F95F-4096-8E76-E048EF3B6E4D}.AppStore|x86.Build.0 = Release|Any CPU
		{CAD3BA7B-F95F-4096-8E76-E048EF3B6E4D}.Debug|Any CPU.ActiveCfg = Debug|Any CPU
		{CAD3BA7B-F95F-4096-8E76-E048EF3B6E4D}.Debug|Any CPU.Build.0 = Debug|Any CPU
		{CAD3BA7B-F95F-4096-8E76-E048EF3B6E4D}.Debug|ARM.ActiveCfg = Debug|Any CPU
		{CAD3BA7B-F95F-4096-8E76-E048EF3B6E4D}.Debug|ARM.Build.0 = Debug|Any CPU
		{CAD3BA7B-F95F-4096-8E76-E048EF3B6E4D}.Debug|iPhone.ActiveCfg = Debug|Any CPU
		{CAD3BA7B-F95F-4096-8E76-E048EF3B6E4D}.Debug|iPhone.Build.0 = Debug|Any CPU
		{CAD3BA7B-F95F-4096-8E76-E048EF3B6E4D}.Debug|iPhoneSimulator.ActiveCfg = Debug|Any CPU
		{CAD3BA7B-F95F-4096-8E76-E048EF3B6E4D}.Debug|iPhoneSimulator.Build.0 = Debug|Any CPU
		{CAD3BA7B-F95F-4096-8E76-E048EF3B6E4D}.Debug|x64.ActiveCfg = Debug|Any CPU
		{CAD3BA7B-F95F-4096-8E76-E048EF3B6E4D}.Debug|x64.Build.0 = Debug|Any CPU
		{CAD3BA7B-F95F-4096-8E76-E048EF3B6E4D}.Debug|x86.ActiveCfg = Debug|Any CPU
		{CAD3BA7B-F95F-4096-8E76-E048EF3B6E4D}.Debug|x86.Build.0 = Debug|Any CPU
		{CAD3BA7B-F95F-4096-8E76-E048EF3B6E4D}.Release|Any CPU.ActiveCfg = Release|Any CPU
		{CAD3BA7B-F95F-4096-8E76-E048EF3B6E4D}.Release|Any CPU.Build.0 = Release|Any CPU
		{CAD3BA7B-F95F-4096-8E76-E048EF3B6E4D}.Release|ARM.ActiveCfg = Release|Any CPU
		{CAD3BA7B-F95F-4096-8E76-E048EF3B6E4D}.Release|ARM.Build.0 = Release|Any CPU
		{CAD3BA7B-F95F-4096-8E76-E048EF3B6E4D}.Release|iPhone.ActiveCfg = Release|Any CPU
		{CAD3BA7B-F95F-4096-8E76-E048EF3B6E4D}.Release|iPhone.Build.0 = Release|Any CPU
		{CAD3BA7B-F95F-4096-8E76-E048EF3B6E4D}.Release|iPhoneSimulator.ActiveCfg = Release|Any CPU
		{CAD3BA7B-F95F-4096-8E76-E048EF3B6E4D}.Release|iPhoneSimulator.Build.0 = Release|Any CPU
		{CAD3BA7B-F95F-4096-8E76-E048EF3B6E4D}.Release|x64.ActiveCfg = Release|Any CPU
		{CAD3BA7B-F95F-4096-8E76-E048EF3B6E4D}.Release|x64.Build.0 = Release|Any CPU
		{CAD3BA7B-F95F-4096-8E76-E048EF3B6E4D}.Release|x86.ActiveCfg = Release|Any CPU
		{CAD3BA7B-F95F-4096-8E76-E048EF3B6E4D}.Release|x86.Build.0 = Release|Any CPU
		{1BC0DCF4-F772-468C-B9EB-607DC15E711F}.Ad-Hoc|Any CPU.ActiveCfg = Debug|Any CPU
		{1BC0DCF4-F772-468C-B9EB-607DC15E711F}.Ad-Hoc|Any CPU.Build.0 = Debug|Any CPU
		{1BC0DCF4-F772-468C-B9EB-607DC15E711F}.Ad-Hoc|ARM.ActiveCfg = Debug|Any CPU
		{1BC0DCF4-F772-468C-B9EB-607DC15E711F}.Ad-Hoc|ARM.Build.0 = Debug|Any CPU
		{1BC0DCF4-F772-468C-B9EB-607DC15E711F}.Ad-Hoc|iPhone.ActiveCfg = Debug|Any CPU
		{1BC0DCF4-F772-468C-B9EB-607DC15E711F}.Ad-Hoc|iPhone.Build.0 = Debug|Any CPU
		{1BC0DCF4-F772-468C-B9EB-607DC15E711F}.Ad-Hoc|iPhoneSimulator.ActiveCfg = Debug|Any CPU
		{1BC0DCF4-F772-468C-B9EB-607DC15E711F}.Ad-Hoc|iPhoneSimulator.Build.0 = Debug|Any CPU
		{1BC0DCF4-F772-468C-B9EB-607DC15E711F}.Ad-Hoc|x64.ActiveCfg = Debug|Any CPU
		{1BC0DCF4-F772-468C-B9EB-607DC15E711F}.Ad-Hoc|x64.Build.0 = Debug|Any CPU
		{1BC0DCF4-F772-468C-B9EB-607DC15E711F}.Ad-Hoc|x86.ActiveCfg = Debug|Any CPU
		{1BC0DCF4-F772-468C-B9EB-607DC15E711F}.Ad-Hoc|x86.Build.0 = Debug|Any CPU
		{1BC0DCF4-F772-468C-B9EB-607DC15E711F}.AppStore|Any CPU.ActiveCfg = Debug|Any CPU
		{1BC0DCF4-F772-468C-B9EB-607DC15E711F}.AppStore|Any CPU.Build.0 = Debug|Any CPU
		{1BC0DCF4-F772-468C-B9EB-607DC15E711F}.AppStore|ARM.ActiveCfg = Debug|Any CPU
		{1BC0DCF4-F772-468C-B9EB-607DC15E711F}.AppStore|ARM.Build.0 = Debug|Any CPU
		{1BC0DCF4-F772-468C-B9EB-607DC15E711F}.AppStore|iPhone.ActiveCfg = Debug|Any CPU
		{1BC0DCF4-F772-468C-B9EB-607DC15E711F}.AppStore|iPhone.Build.0 = Debug|Any CPU
		{1BC0DCF4-F772-468C-B9EB-607DC15E711F}.AppStore|iPhoneSimulator.ActiveCfg = Debug|Any CPU
		{1BC0DCF4-F772-468C-B9EB-607DC15E711F}.AppStore|iPhoneSimulator.Build.0 = Debug|Any CPU
		{1BC0DCF4-F772-468C-B9EB-607DC15E711F}.AppStore|x64.ActiveCfg = Debug|Any CPU
		{1BC0DCF4-F772-468C-B9EB-607DC15E711F}.AppStore|x64.Build.0 = Debug|Any CPU
		{1BC0DCF4-F772-468C-B9EB-607DC15E711F}.AppStore|x86.ActiveCfg = Debug|Any CPU
		{1BC0DCF4-F772-468C-B9EB-607DC15E711F}.AppStore|x86.Build.0 = Debug|Any CPU
		{1BC0DCF4-F772-468C-B9EB-607DC15E711F}.Debug|Any CPU.ActiveCfg = Debug|Any CPU
		{1BC0DCF4-F772-468C-B9EB-607DC15E711F}.Debug|Any CPU.Build.0 = Debug|Any CPU
		{1BC0DCF4-F772-468C-B9EB-607DC15E711F}.Debug|ARM.ActiveCfg = Debug|Any CPU
		{1BC0DCF4-F772-468C-B9EB-607DC15E711F}.Debug|ARM.Build.0 = Debug|Any CPU
		{1BC0DCF4-F772-468C-B9EB-607DC15E711F}.Debug|iPhone.ActiveCfg = Debug|Any CPU
		{1BC0DCF4-F772-468C-B9EB-607DC15E711F}.Debug|iPhone.Build.0 = Debug|Any CPU
		{1BC0DCF4-F772-468C-B9EB-607DC15E711F}.Debug|iPhoneSimulator.ActiveCfg = Debug|Any CPU
		{1BC0DCF4-F772-468C-B9EB-607DC15E711F}.Debug|iPhoneSimulator.Build.0 = Debug|Any CPU
		{1BC0DCF4-F772-468C-B9EB-607DC15E711F}.Debug|x64.ActiveCfg = Debug|Any CPU
		{1BC0DCF4-F772-468C-B9EB-607DC15E711F}.Debug|x64.Build.0 = Debug|Any CPU
		{1BC0DCF4-F772-468C-B9EB-607DC15E711F}.Debug|x86.ActiveCfg = Debug|Any CPU
		{1BC0DCF4-F772-468C-B9EB-607DC15E711F}.Debug|x86.Build.0 = Debug|Any CPU
		{1BC0DCF4-F772-468C-B9EB-607DC15E711F}.Release|Any CPU.ActiveCfg = Release|Any CPU
		{1BC0DCF4-F772-468C-B9EB-607DC15E711F}.Release|Any CPU.Build.0 = Release|Any CPU
		{1BC0DCF4-F772-468C-B9EB-607DC15E711F}.Release|ARM.ActiveCfg = Release|Any CPU
		{1BC0DCF4-F772-468C-B9EB-607DC15E711F}.Release|ARM.Build.0 = Release|Any CPU
		{1BC0DCF4-F772-468C-B9EB-607DC15E711F}.Release|iPhone.ActiveCfg = Release|Any CPU
		{1BC0DCF4-F772-468C-B9EB-607DC15E711F}.Release|iPhone.Build.0 = Release|Any CPU
		{1BC0DCF4-F772-468C-B9EB-607DC15E711F}.Release|iPhoneSimulator.ActiveCfg = Release|Any CPU
		{1BC0DCF4-F772-468C-B9EB-607DC15E711F}.Release|iPhoneSimulator.Build.0 = Release|Any CPU
		{1BC0DCF4-F772-468C-B9EB-607DC15E711F}.Release|x64.ActiveCfg = Release|Any CPU
		{1BC0DCF4-F772-468C-B9EB-607DC15E711F}.Release|x64.Build.0 = Release|Any CPU
		{1BC0DCF4-F772-468C-B9EB-607DC15E711F}.Release|x86.ActiveCfg = Release|Any CPU
		{1BC0DCF4-F772-468C-B9EB-607DC15E711F}.Release|x86.Build.0 = Release|Any CPU
		{CE07B459-75A1-4BE0-89EC-CC1F7C0BD229}.Ad-Hoc|Any CPU.ActiveCfg = Release|Any CPU
		{CE07B459-75A1-4BE0-89EC-CC1F7C0BD229}.Ad-Hoc|Any CPU.Build.0 = Release|Any CPU
		{CE07B459-75A1-4BE0-89EC-CC1F7C0BD229}.Ad-Hoc|ARM.ActiveCfg = Release|Any CPU
		{CE07B459-75A1-4BE0-89EC-CC1F7C0BD229}.Ad-Hoc|ARM.Build.0 = Release|Any CPU
		{CE07B459-75A1-4BE0-89EC-CC1F7C0BD229}.Ad-Hoc|iPhone.ActiveCfg = Release|Any CPU
		{CE07B459-75A1-4BE0-89EC-CC1F7C0BD229}.Ad-Hoc|iPhone.Build.0 = Release|Any CPU
		{CE07B459-75A1-4BE0-89EC-CC1F7C0BD229}.Ad-Hoc|iPhoneSimulator.ActiveCfg = Release|Any CPU
		{CE07B459-75A1-4BE0-89EC-CC1F7C0BD229}.Ad-Hoc|iPhoneSimulator.Build.0 = Release|Any CPU
		{CE07B459-75A1-4BE0-89EC-CC1F7C0BD229}.Ad-Hoc|x64.ActiveCfg = Release|Any CPU
		{CE07B459-75A1-4BE0-89EC-CC1F7C0BD229}.Ad-Hoc|x64.Build.0 = Release|Any CPU
		{CE07B459-75A1-4BE0-89EC-CC1F7C0BD229}.Ad-Hoc|x86.ActiveCfg = Release|Any CPU
		{CE07B459-75A1-4BE0-89EC-CC1F7C0BD229}.Ad-Hoc|x86.Build.0 = Release|Any CPU
		{CE07B459-75A1-4BE0-89EC-CC1F7C0BD229}.AppStore|Any CPU.ActiveCfg = Release|Any CPU
		{CE07B459-75A1-4BE0-89EC-CC1F7C0BD229}.AppStore|Any CPU.Build.0 = Release|Any CPU
		{CE07B459-75A1-4BE0-89EC-CC1F7C0BD229}.AppStore|ARM.ActiveCfg = Release|Any CPU
		{CE07B459-75A1-4BE0-89EC-CC1F7C0BD229}.AppStore|ARM.Build.0 = Release|Any CPU
		{CE07B459-75A1-4BE0-89EC-CC1F7C0BD229}.AppStore|iPhone.ActiveCfg = Release|Any CPU
		{CE07B459-75A1-4BE0-89EC-CC1F7C0BD229}.AppStore|iPhone.Build.0 = Release|Any CPU
		{CE07B459-75A1-4BE0-89EC-CC1F7C0BD229}.AppStore|iPhoneSimulator.ActiveCfg = Release|Any CPU
		{CE07B459-75A1-4BE0-89EC-CC1F7C0BD229}.AppStore|iPhoneSimulator.Build.0 = Release|Any CPU
		{CE07B459-75A1-4BE0-89EC-CC1F7C0BD229}.AppStore|x64.ActiveCfg = Release|Any CPU
		{CE07B459-75A1-4BE0-89EC-CC1F7C0BD229}.AppStore|x64.Build.0 = Release|Any CPU
		{CE07B459-75A1-4BE0-89EC-CC1F7C0BD229}.AppStore|x86.ActiveCfg = Release|Any CPU
		{CE07B459-75A1-4BE0-89EC-CC1F7C0BD229}.AppStore|x86.Build.0 = Release|Any CPU
		{CE07B459-75A1-4BE0-89EC-CC1F7C0BD229}.Debug|Any CPU.ActiveCfg = Debug|Any CPU
		{CE07B459-75A1-4BE0-89EC-CC1F7C0BD229}.Debug|Any CPU.Build.0 = Debug|Any CPU
		{CE07B459-75A1-4BE0-89EC-CC1F7C0BD229}.Debug|ARM.ActiveCfg = Debug|Any CPU
		{CE07B459-75A1-4BE0-89EC-CC1F7C0BD229}.Debug|ARM.Build.0 = Debug|Any CPU
		{CE07B459-75A1-4BE0-89EC-CC1F7C0BD229}.Debug|iPhone.ActiveCfg = Debug|Any CPU
		{CE07B459-75A1-4BE0-89EC-CC1F7C0BD229}.Debug|iPhone.Build.0 = Debug|Any CPU
		{CE07B459-75A1-4BE0-89EC-CC1F7C0BD229}.Debug|iPhoneSimulator.ActiveCfg = Debug|Any CPU
		{CE07B459-75A1-4BE0-89EC-CC1F7C0BD229}.Debug|iPhoneSimulator.Build.0 = Debug|Any CPU
		{CE07B459-75A1-4BE0-89EC-CC1F7C0BD229}.Debug|x64.ActiveCfg = Debug|Any CPU
		{CE07B459-75A1-4BE0-89EC-CC1F7C0BD229}.Debug|x64.Build.0 = Debug|Any CPU
		{CE07B459-75A1-4BE0-89EC-CC1F7C0BD229}.Debug|x86.ActiveCfg = Debug|Any CPU
		{CE07B459-75A1-4BE0-89EC-CC1F7C0BD229}.Debug|x86.Build.0 = Debug|Any CPU
		{CE07B459-75A1-4BE0-89EC-CC1F7C0BD229}.Release|Any CPU.ActiveCfg = Release|Any CPU
		{CE07B459-75A1-4BE0-89EC-CC1F7C0BD229}.Release|Any CPU.Build.0 = Release|Any CPU
		{CE07B459-75A1-4BE0-89EC-CC1F7C0BD229}.Release|ARM.ActiveCfg = Release|Any CPU
		{CE07B459-75A1-4BE0-89EC-CC1F7C0BD229}.Release|ARM.Build.0 = Release|Any CPU
		{CE07B459-75A1-4BE0-89EC-CC1F7C0BD229}.Release|iPhone.ActiveCfg = Release|Any CPU
		{CE07B459-75A1-4BE0-89EC-CC1F7C0BD229}.Release|iPhone.Build.0 = Release|Any CPU
		{CE07B459-75A1-4BE0-89EC-CC1F7C0BD229}.Release|iPhoneSimulator.ActiveCfg = Release|Any CPU
		{CE07B459-75A1-4BE0-89EC-CC1F7C0BD229}.Release|iPhoneSimulator.Build.0 = Release|Any CPU
		{CE07B459-75A1-4BE0-89EC-CC1F7C0BD229}.Release|x64.ActiveCfg = Release|Any CPU
		{CE07B459-75A1-4BE0-89EC-CC1F7C0BD229}.Release|x64.Build.0 = Release|Any CPU
		{CE07B459-75A1-4BE0-89EC-CC1F7C0BD229}.Release|x86.ActiveCfg = Release|Any CPU
		{CE07B459-75A1-4BE0-89EC-CC1F7C0BD229}.Release|x86.Build.0 = Release|Any CPU
		{F15440BE-B12C-4358-A0AB-228BECF3AB1E}.Ad-Hoc|Any CPU.ActiveCfg = Debug|Any CPU
		{F15440BE-B12C-4358-A0AB-228BECF3AB1E}.Ad-Hoc|Any CPU.Build.0 = Debug|Any CPU
		{F15440BE-B12C-4358-A0AB-228BECF3AB1E}.Ad-Hoc|ARM.ActiveCfg = Debug|Any CPU
		{F15440BE-B12C-4358-A0AB-228BECF3AB1E}.Ad-Hoc|ARM.Build.0 = Debug|Any CPU
		{F15440BE-B12C-4358-A0AB-228BECF3AB1E}.Ad-Hoc|iPhone.ActiveCfg = Debug|Any CPU
		{F15440BE-B12C-4358-A0AB-228BECF3AB1E}.Ad-Hoc|iPhone.Build.0 = Debug|Any CPU
		{F15440BE-B12C-4358-A0AB-228BECF3AB1E}.Ad-Hoc|iPhoneSimulator.ActiveCfg = Debug|Any CPU
		{F15440BE-B12C-4358-A0AB-228BECF3AB1E}.Ad-Hoc|iPhoneSimulator.Build.0 = Debug|Any CPU
		{F15440BE-B12C-4358-A0AB-228BECF3AB1E}.Ad-Hoc|x64.ActiveCfg = Debug|Any CPU
		{F15440BE-B12C-4358-A0AB-228BECF3AB1E}.Ad-Hoc|x64.Build.0 = Debug|Any CPU
		{F15440BE-B12C-4358-A0AB-228BECF3AB1E}.Ad-Hoc|x86.ActiveCfg = Debug|Any CPU
		{F15440BE-B12C-4358-A0AB-228BECF3AB1E}.Ad-Hoc|x86.Build.0 = Debug|Any CPU
		{F15440BE-B12C-4358-A0AB-228BECF3AB1E}.AppStore|Any CPU.ActiveCfg = Debug|Any CPU
		{F15440BE-B12C-4358-A0AB-228BECF3AB1E}.AppStore|Any CPU.Build.0 = Debug|Any CPU
		{F15440BE-B12C-4358-A0AB-228BECF3AB1E}.AppStore|ARM.ActiveCfg = Debug|Any CPU
		{F15440BE-B12C-4358-A0AB-228BECF3AB1E}.AppStore|ARM.Build.0 = Debug|Any CPU
		{F15440BE-B12C-4358-A0AB-228BECF3AB1E}.AppStore|iPhone.ActiveCfg = Debug|Any CPU
		{F15440BE-B12C-4358-A0AB-228BECF3AB1E}.AppStore|iPhone.Build.0 = Debug|Any CPU
		{F15440BE-B12C-4358-A0AB-228BECF3AB1E}.AppStore|iPhoneSimulator.ActiveCfg = Debug|Any CPU
		{F15440BE-B12C-4358-A0AB-228BECF3AB1E}.AppStore|iPhoneSimulator.Build.0 = Debug|Any CPU
		{F15440BE-B12C-4358-A0AB-228BECF3AB1E}.AppStore|x64.ActiveCfg = Debug|Any CPU
		{F15440BE-B12C-4358-A0AB-228BECF3AB1E}.AppStore|x64.Build.0 = Debug|Any CPU
		{F15440BE-B12C-4358-A0AB-228BECF3AB1E}.AppStore|x86.ActiveCfg = Debug|Any CPU
		{F15440BE-B12C-4358-A0AB-228BECF3AB1E}.AppStore|x86.Build.0 = Debug|Any CPU
		{F15440BE-B12C-4358-A0AB-228BECF3AB1E}.Debug|Any CPU.ActiveCfg = Debug|Any CPU
		{F15440BE-B12C-4358-A0AB-228BECF3AB1E}.Debug|Any CPU.Build.0 = Debug|Any CPU
		{F15440BE-B12C-4358-A0AB-228BECF3AB1E}.Debug|ARM.ActiveCfg = Debug|Any CPU
		{F15440BE-B12C-4358-A0AB-228BECF3AB1E}.Debug|ARM.Build.0 = Debug|Any CPU
		{F15440BE-B12C-4358-A0AB-228BECF3AB1E}.Debug|iPhone.ActiveCfg = Debug|Any CPU
		{F15440BE-B12C-4358-A0AB-228BECF3AB1E}.Debug|iPhone.Build.0 = Debug|Any CPU
		{F15440BE-B12C-4358-A0AB-228BECF3AB1E}.Debug|iPhoneSimulator.ActiveCfg = Debug|Any CPU
		{F15440BE-B12C-4358-A0AB-228BECF3AB1E}.Debug|iPhoneSimulator.Build.0 = Debug|Any CPU
		{F15440BE-B12C-4358-A0AB-228BECF3AB1E}.Debug|x64.ActiveCfg = Debug|Any CPU
		{F15440BE-B12C-4358-A0AB-228BECF3AB1E}.Debug|x64.Build.0 = Debug|Any CPU
		{F15440BE-B12C-4358-A0AB-228BECF3AB1E}.Debug|x86.ActiveCfg = Debug|Any CPU
		{F15440BE-B12C-4358-A0AB-228BECF3AB1E}.Debug|x86.Build.0 = Debug|Any CPU
		{F15440BE-B12C-4358-A0AB-228BECF3AB1E}.Release|Any CPU.ActiveCfg = Release|Any CPU
		{F15440BE-B12C-4358-A0AB-228BECF3AB1E}.Release|Any CPU.Build.0 = Release|Any CPU
		{F15440BE-B12C-4358-A0AB-228BECF3AB1E}.Release|ARM.ActiveCfg = Release|Any CPU
		{F15440BE-B12C-4358-A0AB-228BECF3AB1E}.Release|ARM.Build.0 = Release|Any CPU
		{F15440BE-B12C-4358-A0AB-228BECF3AB1E}.Release|iPhone.ActiveCfg = Release|Any CPU
		{F15440BE-B12C-4358-A0AB-228BECF3AB1E}.Release|iPhone.Build.0 = Release|Any CPU
		{F15440BE-B12C-4358-A0AB-228BECF3AB1E}.Release|iPhoneSimulator.ActiveCfg = Release|Any CPU
		{F15440BE-B12C-4358-A0AB-228BECF3AB1E}.Release|iPhoneSimulator.Build.0 = Release|Any CPU
		{F15440BE-B12C-4358-A0AB-228BECF3AB1E}.Release|x64.ActiveCfg = Release|Any CPU
		{F15440BE-B12C-4358-A0AB-228BECF3AB1E}.Release|x64.Build.0 = Release|Any CPU
		{F15440BE-B12C-4358-A0AB-228BECF3AB1E}.Release|x86.ActiveCfg = Release|Any CPU
		{F15440BE-B12C-4358-A0AB-228BECF3AB1E}.Release|x86.Build.0 = Release|Any CPU
		{917B1B01-42D3-404E-957A-5CCF248C5687}.Ad-Hoc|Any CPU.ActiveCfg = Release|Any CPU
		{917B1B01-42D3-404E-957A-5CCF248C5687}.Ad-Hoc|Any CPU.Build.0 = Release|Any CPU
		{917B1B01-42D3-404E-957A-5CCF248C5687}.Ad-Hoc|ARM.ActiveCfg = Release|Any CPU
		{917B1B01-42D3-404E-957A-5CCF248C5687}.Ad-Hoc|ARM.Build.0 = Release|Any CPU
		{917B1B01-42D3-404E-957A-5CCF248C5687}.Ad-Hoc|iPhone.ActiveCfg = Release|Any CPU
		{917B1B01-42D3-404E-957A-5CCF248C5687}.Ad-Hoc|iPhone.Build.0 = Release|Any CPU
		{917B1B01-42D3-404E-957A-5CCF248C5687}.Ad-Hoc|iPhoneSimulator.ActiveCfg = Release|Any CPU
		{917B1B01-42D3-404E-957A-5CCF248C5687}.Ad-Hoc|iPhoneSimulator.Build.0 = Release|Any CPU
		{917B1B01-42D3-404E-957A-5CCF248C5687}.Ad-Hoc|x64.ActiveCfg = Release|Any CPU
		{917B1B01-42D3-404E-957A-5CCF248C5687}.Ad-Hoc|x64.Build.0 = Release|Any CPU
		{917B1B01-42D3-404E-957A-5CCF248C5687}.Ad-Hoc|x86.ActiveCfg = Release|Any CPU
		{917B1B01-42D3-404E-957A-5CCF248C5687}.Ad-Hoc|x86.Build.0 = Release|Any CPU
		{917B1B01-42D3-404E-957A-5CCF248C5687}.AppStore|Any CPU.ActiveCfg = Release|Any CPU
		{917B1B01-42D3-404E-957A-5CCF248C5687}.AppStore|Any CPU.Build.0 = Release|Any CPU
		{917B1B01-42D3-404E-957A-5CCF248C5687}.AppStore|ARM.ActiveCfg = Release|Any CPU
		{917B1B01-42D3-404E-957A-5CCF248C5687}.AppStore|ARM.Build.0 = Release|Any CPU
		{917B1B01-42D3-404E-957A-5CCF248C5687}.AppStore|iPhone.ActiveCfg = Release|Any CPU
		{917B1B01-42D3-404E-957A-5CCF248C5687}.AppStore|iPhone.Build.0 = Release|Any CPU
		{917B1B01-42D3-404E-957A-5CCF248C5687}.AppStore|iPhoneSimulator.ActiveCfg = Release|Any CPU
		{917B1B01-42D3-404E-957A-5CCF248C5687}.AppStore|iPhoneSimulator.Build.0 = Release|Any CPU
		{917B1B01-42D3-404E-957A-5CCF248C5687}.AppStore|x64.ActiveCfg = Release|Any CPU
		{917B1B01-42D3-404E-957A-5CCF248C5687}.AppStore|x64.Build.0 = Release|Any CPU
		{917B1B01-42D3-404E-957A-5CCF248C5687}.AppStore|x86.ActiveCfg = Release|Any CPU
		{917B1B01-42D3-404E-957A-5CCF248C5687}.AppStore|x86.Build.0 = Release|Any CPU
		{917B1B01-42D3-404E-957A-5CCF248C5687}.Debug|Any CPU.ActiveCfg = Debug|Any CPU
		{917B1B01-42D3-404E-957A-5CCF248C5687}.Debug|Any CPU.Build.0 = Debug|Any CPU
		{917B1B01-42D3-404E-957A-5CCF248C5687}.Debug|ARM.ActiveCfg = Debug|Any CPU
		{917B1B01-42D3-404E-957A-5CCF248C5687}.Debug|ARM.Build.0 = Debug|Any CPU
		{917B1B01-42D3-404E-957A-5CCF248C5687}.Debug|iPhone.ActiveCfg = Debug|Any CPU
		{917B1B01-42D3-404E-957A-5CCF248C5687}.Debug|iPhone.Build.0 = Debug|Any CPU
		{917B1B01-42D3-404E-957A-5CCF248C5687}.Debug|iPhoneSimulator.ActiveCfg = Debug|Any CPU
		{917B1B01-42D3-404E-957A-5CCF248C5687}.Debug|iPhoneSimulator.Build.0 = Debug|Any CPU
		{917B1B01-42D3-404E-957A-5CCF248C5687}.Debug|x64.ActiveCfg = Debug|Any CPU
		{917B1B01-42D3-404E-957A-5CCF248C5687}.Debug|x64.Build.0 = Debug|Any CPU
		{917B1B01-42D3-404E-957A-5CCF248C5687}.Debug|x86.ActiveCfg = Debug|Any CPU
		{917B1B01-42D3-404E-957A-5CCF248C5687}.Debug|x86.Build.0 = Debug|Any CPU
		{917B1B01-42D3-404E-957A-5CCF248C5687}.Release|Any CPU.ActiveCfg = Release|Any CPU
		{917B1B01-42D3-404E-957A-5CCF248C5687}.Release|Any CPU.Build.0 = Release|Any CPU
		{917B1B01-42D3-404E-957A-5CCF248C5687}.Release|ARM.ActiveCfg = Release|Any CPU
		{917B1B01-42D3-404E-957A-5CCF248C5687}.Release|ARM.Build.0 = Release|Any CPU
		{917B1B01-42D3-404E-957A-5CCF248C5687}.Release|iPhone.ActiveCfg = Release|Any CPU
		{917B1B01-42D3-404E-957A-5CCF248C5687}.Release|iPhone.Build.0 = Release|Any CPU
		{917B1B01-42D3-404E-957A-5CCF248C5687}.Release|iPhoneSimulator.ActiveCfg = Release|Any CPU
		{917B1B01-42D3-404E-957A-5CCF248C5687}.Release|iPhoneSimulator.Build.0 = Release|Any CPU
		{917B1B01-42D3-404E-957A-5CCF248C5687}.Release|x64.ActiveCfg = Release|Any CPU
		{917B1B01-42D3-404E-957A-5CCF248C5687}.Release|x64.Build.0 = Release|Any CPU
		{917B1B01-42D3-404E-957A-5CCF248C5687}.Release|x86.ActiveCfg = Release|Any CPU
		{917B1B01-42D3-404E-957A-5CCF248C5687}.Release|x86.Build.0 = Release|Any CPU
	EndGlobalSection
	GlobalSection(SolutionProperties) = preSolution
		HideSolutionNode = FALSE
	EndGlobalSection
	GlobalSection(NestedProjects) = preSolution
		{BE571A72-69E6-4051-A1A4-EA6B97566A80} = {7B1C40EF-F065-4CCB-8578-A550D5466650}
		{63BFCB2B-F135-4109-B51A-7995957CA969} = {7B1C40EF-F065-4CCB-8578-A550D5466650}
		{240E1FBD-10BF-4523-807E-8DBB457CFD17} = {63BFCB2B-F135-4109-B51A-7995957CA969}
		{305963A9-ABA3-4D85-BE70-1884584DC219} = {63BFCB2B-F135-4109-B51A-7995957CA969}
		{E5648EC6-9A73-421D-B4DA-52A9F73CC9BB} = {63BFCB2B-F135-4109-B51A-7995957CA969}
		{30846289-6DFF-441B-80AD-EDAEEBF09518} = {7B1C40EF-F065-4CCB-8578-A550D5466650}
		{CAD3BA7B-F95F-4096-8E76-E048EF3B6E4D} = {30846289-6DFF-441B-80AD-EDAEEBF09518}
		{1BC0DCF4-F772-468C-B9EB-607DC15E711F} = {7B1C40EF-F065-4CCB-8578-A550D5466650}
		{CE07B459-75A1-4BE0-89EC-CC1F7C0BD229} = {DA1EEF04-4486-4E80-BF55-F72B338254C2}
		{7C50BC40-EAD8-4FE2-AA1C-CF78356798AD} = {63BFCB2B-F135-4109-B51A-7995957CA969}
		{F15440BE-B12C-4358-A0AB-228BECF3AB1E} = {7B1C40EF-F065-4CCB-8578-A550D5466650}
		{917B1B01-42D3-404E-957A-5CCF248C5687} = {63BFCB2B-F135-4109-B51A-7995957CA969}
	EndGlobalSection
	GlobalSection(ExtensibilityGlobals) = postSolution
		SolutionGuid = {77481E86-259D-409F-B83B-AD580FAB08AD}
	EndGlobalSection
EndGlobal
