
Microsoft Visual Studio Solution File, Format Version 12.00
# Visual Studio 15
VisualStudioVersion = 15.0.27004.2002
MinimumVisualStudioVersion = 10.0.40219.1
Project("{2150E333-8FDC-42A3-9474-1A3956D46DE8}") = "iHentai", "iHentai", "{7B1C40EF-F065-4CCB-8578-A550D5466650}"
EndProject
Project("{9A19103F-16F7-4668-BE54-9A1E7A4F7556}") = "iHentai.Core", "src\iHentai\iHentai.Core\iHentai.Core.csproj", "{BE571A72-69E6-4051-A1A4-EA6B97566A80}"
EndProject
Project("{2150E333-8FDC-42A3-9474-1A3956D46DE8}") = "Platforms", "Platforms", "{63BFCB2B-F135-4109-B51A-7995957CA969}"
EndProject
Project("{FAE04EC0-301F-11D3-BF4B-00C04F79EFBC}") = "iHentai.Droid", "src\iHentai\Platforms\iHentai.Droid\iHentai.Droid.csproj", "{240E1FBD-10BF-4523-807E-8DBB457CFD17}"
EndProject
Project("{FAE04EC0-301F-11D3-BF4B-00C04F79EFBC}") = "iHentai.UWP", "src\iHentai\Platforms\iHentai.UWP\iHentai.UWP.csproj", "{305963A9-ABA3-4D85-BE70-1884584DC219}"
EndProject
Project("{FAE04EC0-301F-11D3-BF4B-00C04F79EFBC}") = "iHentai.iOS", "src\iHentai\Platforms\iHentai.iOS\iHentai.iOS.csproj", "{E5648EC6-9A73-421D-B4DA-52A9F73CC9BB}"
EndProject
Project("{2150E333-8FDC-42A3-9474-1A3956D46DE8}") = "Toser", "Toser", "{DA1EEF04-4486-4E80-BF55-F72B338254C2}"
EndProject
Project("{D954291E-2A0B-460D-934E-DC6B0785DB48}") = "Toser", "src\Toser\Toser\Toser.shproj", "{183E1689-7093-4CDD-BFA3-3881D9997CE7}"
EndProject
Project("{D954291E-2A0B-460D-934E-DC6B0785DB48}") = "iHentai.Common", "src\iHentai\iHentai.Common\iHentai.Common.shproj", "{4CF507B3-5E97-43EF-9A83-C08C3E903C0C}"
EndProject
Project("{2150E333-8FDC-42A3-9474-1A3956D46DE8}") = "Services", "Services", "{FD52BAC8-5866-41E0-8CCC-6C593943D25E}"
EndProject
Project("{FAE04EC0-301F-11D3-BF4B-00C04F79EFBC}") = "iHentai.Services.Core", "src\iHentai\Services\iHentai.Services.Core\iHentai.Services.Core.csproj", "{27CF796F-61F8-4558-89E8-99BAF7A921B6}"
EndProject
Project("{D954291E-2A0B-460D-934E-DC6B0785DB48}") = "iHentai.Services.EHentai", "src\iHentai\Services\iHentai.Services.EHentai\iHentai.Services.EHentai.shproj", "{88F16A5B-450B-4A45-8DA6-6B8790FD70A8}"
EndProject
Project("{D954291E-2A0B-460D-934E-DC6B0785DB48}") = "iHentai.Services.NHentai", "src\iHentai\Services\iHentai.Services.NHentai\iHentai.Services.NHentai.shproj", "{009BCCAE-8C65-499C-9F44-934291394DAE}"
EndProject
Global
	GlobalSection(SharedMSBuildProjectFiles) = preSolution
		src\iHentai\Services\iHentai.Services.NHentai\iHentai.Services.NHentai.projitems*{009bccae-8c65-499c-9f44-934291394dae}*SharedItemsImports = 13
		src\Toser\Toser\Toser.projitems*{183e1689-7093-4cdd-bfa3-3881d9997ce7}*SharedItemsImports = 13
		src\iHentai\iHentai.Common\iHentai.Common.projitems*{4cf507b3-5e97-43ef-9a83-c08c3e903c0c}*SharedItemsImports = 13
		src\iHentai\Services\iHentai.Services.EHentai\iHentai.Services.EHentai.projitems*{88f16a5b-450b-4a45-8da6-6b8790fd70a8}*SharedItemsImports = 13
	EndGlobalSection
	GlobalSection(SolutionConfigurationPlatforms) = preSolution
		Ad-Hoc|Any CPU = Ad-Hoc|Any CPU
		Ad-Hoc|ARM = Ad-Hoc|ARM
		Ad-Hoc|iPhone = Ad-Hoc|iPhone
		Ad-Hoc|iPhoneSimulator = Ad-Hoc|iPhoneSimulator
		Ad-Hoc|x64 = Ad-Hoc|x64
		Ad-Hoc|x86 = Ad-Hoc|x86
		AppStore|Any CPU = AppStore|Any CPU
		AppStore|ARM = AppStore|ARM
		AppStore|iPhone = AppStore|iPhone
		AppStore|iPhoneSimulator = AppStore|iPhoneSimulator
		AppStore|x64 = AppStore|x64
		AppStore|x86 = AppStore|x86
		Debug|Any CPU = Debug|Any CPU
		Debug|ARM = Debug|ARM
		Debug|iPhone = Debug|iPhone
		Debug|iPhoneSimulator = Debug|iPhoneSimulator
		Debug|x64 = Debug|x64
		Debug|x86 = Debug|x86
		Release|Any CPU = Release|Any CPU
		Release|ARM = Release|ARM
		Release|iPhone = Release|iPhone
		Release|iPhoneSimulator = Release|iPhoneSimulator
		Release|x64 = Release|x64
		Release|x86 = Release|x86
	EndGlobalSection
	GlobalSection(ProjectConfigurationPlatforms) = postSolution
		{BE571A72-69E6-4051-A1A4-EA6B97566A80}.Ad-Hoc|Any CPU.ActiveCfg = Debug|Any CPU
		{BE571A72-69E6-4051-A1A4-EA6B97566A80}.Ad-Hoc|Any CPU.Build.0 = Debug|Any CPU
		{BE571A72-69E6-4051-A1A4-EA6B97566A80}.Ad-Hoc|ARM.ActiveCfg = Debug|Any CPU
		{BE571A72-69E6-4051-A1A4-EA6B97566A80}.Ad-Hoc|ARM.Build.0 = Debug|Any CPU
		{BE571A72-69E6-4051-A1A4-EA6B97566A80}.Ad-Hoc|iPhone.ActiveCfg = Debug|Any CPU
		{BE571A72-69E6-4051-A1A4-EA6B97566A80}.Ad-Hoc|iPhone.Build.0 = Debug|Any CPU
		{BE571A72-69E6-4051-A1A4-EA6B97566A80}.Ad-Hoc|iPhoneSimulator.ActiveCfg = Debug|Any CPU
		{BE571A72-69E6-4051-A1A4-EA6B97566A80}.Ad-Hoc|iPhoneSimulator.Build.0 = Debug|Any CPU
		{BE571A72-69E6-4051-A1A4-EA6B97566A80}.Ad-Hoc|x64.ActiveCfg = Debug|Any CPU
		{BE571A72-69E6-4051-A1A4-EA6B97566A80}.Ad-Hoc|x64.Build.0 = Debug|Any CPU
		{BE571A72-69E6-4051-A1A4-EA6B97566A80}.Ad-Hoc|x86.ActiveCfg = Debug|Any CPU
		{BE571A72-69E6-4051-A1A4-EA6B97566A80}.Ad-Hoc|x86.Build.0 = Debug|Any CPU
		{BE571A72-69E6-4051-A1A4-EA6B97566A80}.AppStore|Any CPU.ActiveCfg = Debug|Any CPU
		{BE571A72-69E6-4051-A1A4-EA6B97566A80}.AppStore|Any CPU.Build.0 = Debug|Any CPU
		{BE571A72-69E6-4051-A1A4-EA6B97566A80}.AppStore|ARM.ActiveCfg = Debug|Any CPU
		{BE571A72-69E6-4051-A1A4-EA6B97566A80}.AppStore|ARM.Build.0 = Debug|Any CPU
		{BE571A72-69E6-4051-A1A4-EA6B97566A80}.AppStore|iPhone.ActiveCfg = Debug|Any CPU
		{BE571A72-69E6-4051-A1A4-EA6B97566A80}.AppStore|iPhone.Build.0 = Debug|Any CPU
		{BE571A72-69E6-4051-A1A4-EA6B97566A80}.AppStore|iPhoneSimulator.ActiveCfg = Debug|Any CPU
		{BE571A72-69E6-4051-A1A4-EA6B97566A80}.AppStore|iPhoneSimulator.Build.0 = Debug|Any CPU
		{BE571A72-69E6-4051-A1A4-EA6B97566A80}.AppStore|x64.ActiveCfg = Debug|Any CPU
		{BE571A72-69E6-4051-A1A4-EA6B97566A80}.AppStore|x64.Build.0 = Debug|Any CPU
		{BE571A72-69E6-4051-A1A4-EA6B97566A80}.AppStore|x86.ActiveCfg = Debug|Any CPU
		{BE571A72-69E6-4051-A1A4-EA6B97566A80}.AppStore|x86.Build.0 = Debug|Any CPU
		{BE571A72-69E6-4051-A1A4-EA6B97566A80}.Debug|Any CPU.ActiveCfg = Debug|Any CPU
		{BE571A72-69E6-4051-A1A4-EA6B97566A80}.Debug|Any CPU.Build.0 = Debug|Any CPU
		{BE571A72-69E6-4051-A1A4-EA6B97566A80}.Debug|ARM.ActiveCfg = Debug|Any CPU
		{BE571A72-69E6-4051-A1A4-EA6B97566A80}.Debug|ARM.Build.0 = Debug|Any CPU
		{BE571A72-69E6-4051-A1A4-EA6B97566A80}.Debug|iPhone.ActiveCfg = Debug|Any CPU
		{BE571A72-69E6-4051-A1A4-EA6B97566A80}.Debug|iPhone.Build.0 = Debug|Any CPU
		{BE571A72-69E6-4051-A1A4-EA6B97566A80}.Debug|iPhoneSimulator.ActiveCfg = Debug|Any CPU
		{BE571A72-69E6-4051-A1A4-EA6B97566A80}.Debug|iPhoneSimulator.Build.0 = Debug|Any CPU
		{BE571A72-69E6-4051-A1A4-EA6B97566A80}.Debug|x64.ActiveCfg = Debug|Any CPU
		{BE571A72-69E6-4051-A1A4-EA6B97566A80}.Debug|x64.Build.0 = Debug|Any CPU
		{BE571A72-69E6-4051-A1A4-EA6B97566A80}.Debug|x86.ActiveCfg = Debug|Any CPU
		{BE571A72-69E6-4051-A1A4-EA6B97566A80}.Debug|x86.Build.0 = Debug|Any CPU
		{BE571A72-69E6-4051-A1A4-EA6B97566A80}.Release|Any CPU.ActiveCfg = Release|Any CPU
		{BE571A72-69E6-4051-A1A4-EA6B97566A80}.Release|Any CPU.Build.0 = Release|Any CPU
		{BE571A72-69E6-4051-A1A4-EA6B97566A80}.Release|ARM.ActiveCfg = Release|Any CPU
		{BE571A72-69E6-4051-A1A4-EA6B97566A80}.Release|ARM.Build.0 = Release|Any CPU
		{BE571A72-69E6-4051-A1A4-EA6B97566A80}.Release|iPhone.ActiveCfg = Release|Any CPU
		{BE571A72-69E6-4051-A1A4-EA6B97566A80}.Release|iPhone.Build.0 = Release|Any CPU
		{BE571A72-69E6-4051-A1A4-EA6B97566A80}.Release|iPhoneSimulator.ActiveCfg = Release|Any CPU
		{BE571A72-69E6-4051-A1A4-EA6B97566A80}.Release|iPhoneSimulator.Build.0 = Release|Any CPU
		{BE571A72-69E6-4051-A1A4-EA6B97566A80}.Release|x64.ActiveCfg = Release|Any CPU
		{BE571A72-69E6-4051-A1A4-EA6B97566A80}.Release|x64.Build.0 = Release|Any CPU
		{BE571A72-69E6-4051-A1A4-EA6B97566A80}.Release|x86.ActiveCfg = Release|Any CPU
		{BE571A72-69E6-4051-A1A4-EA6B97566A80}.Release|x86.Build.0 = Release|Any CPU
		{240E1FBD-10BF-4523-807E-8DBB457CFD17}.Ad-Hoc|Any CPU.ActiveCfg = Release|Any CPU
		{240E1FBD-10BF-4523-807E-8DBB457CFD17}.Ad-Hoc|Any CPU.Build.0 = Release|Any CPU
		{240E1FBD-10BF-4523-807E-8DBB457CFD17}.Ad-Hoc|Any CPU.Deploy.0 = Release|Any CPU
		{240E1FBD-10BF-4523-807E-8DBB457CFD17}.Ad-Hoc|ARM.ActiveCfg = Release|Any CPU
		{240E1FBD-10BF-4523-807E-8DBB457CFD17}.Ad-Hoc|ARM.Build.0 = Release|Any CPU
		{240E1FBD-10BF-4523-807E-8DBB457CFD17}.Ad-Hoc|ARM.Deploy.0 = Release|Any CPU
		{240E1FBD-10BF-4523-807E-8DBB457CFD17}.Ad-Hoc|iPhone.ActiveCfg = Release|Any CPU
		{240E1FBD-10BF-4523-807E-8DBB457CFD17}.Ad-Hoc|iPhone.Build.0 = Release|Any CPU
		{240E1FBD-10BF-4523-807E-8DBB457CFD17}.Ad-Hoc|iPhone.Deploy.0 = Release|Any CPU
		{240E1FBD-10BF-4523-807E-8DBB457CFD17}.Ad-Hoc|iPhoneSimulator.ActiveCfg = Release|Any CPU
		{240E1FBD-10BF-4523-807E-8DBB457CFD17}.Ad-Hoc|iPhoneSimulator.Build.0 = Release|Any CPU
		{240E1FBD-10BF-4523-807E-8DBB457CFD17}.Ad-Hoc|iPhoneSimulator.Deploy.0 = Release|Any CPU
		{240E1FBD-10BF-4523-807E-8DBB457CFD17}.Ad-Hoc|x64.ActiveCfg = Release|Any CPU
		{240E1FBD-10BF-4523-807E-8DBB457CFD17}.Ad-Hoc|x64.Build.0 = Release|Any CPU
		{240E1FBD-10BF-4523-807E-8DBB457CFD17}.Ad-Hoc|x64.Deploy.0 = Release|Any CPU
		{240E1FBD-10BF-4523-807E-8DBB457CFD17}.Ad-Hoc|x86.ActiveCfg = Release|Any CPU
		{240E1FBD-10BF-4523-807E-8DBB457CFD17}.Ad-Hoc|x86.Build.0 = Release|Any CPU
		{240E1FBD-10BF-4523-807E-8DBB457CFD17}.Ad-Hoc|x86.Deploy.0 = Release|Any CPU
		{240E1FBD-10BF-4523-807E-8DBB457CFD17}.AppStore|Any CPU.ActiveCfg = Release|Any CPU
		{240E1FBD-10BF-4523-807E-8DBB457CFD17}.AppStore|Any CPU.Build.0 = Release|Any CPU
		{240E1FBD-10BF-4523-807E-8DBB457CFD17}.AppStore|Any CPU.Deploy.0 = Release|Any CPU
		{240E1FBD-10BF-4523-807E-8DBB457CFD17}.AppStore|ARM.ActiveCfg = Release|Any CPU
		{240E1FBD-10BF-4523-807E-8DBB457CFD17}.AppStore|ARM.Build.0 = Release|Any CPU
		{240E1FBD-10BF-4523-807E-8DBB457CFD17}.AppStore|ARM.Deploy.0 = Release|Any CPU
		{240E1FBD-10BF-4523-807E-8DBB457CFD17}.AppStore|iPhone.ActiveCfg = Release|Any CPU
		{240E1FBD-10BF-4523-807E-8DBB457CFD17}.AppStore|iPhone.Build.0 = Release|Any CPU
		{240E1FBD-10BF-4523-807E-8DBB457CFD17}.AppStore|iPhone.Deploy.0 = Release|Any CPU
		{240E1FBD-10BF-4523-807E-8DBB457CFD17}.AppStore|iPhoneSimulator.ActiveCfg = Release|Any CPU
		{240E1FBD-10BF-4523-807E-8DBB457CFD17}.AppStore|iPhoneSimulator.Build.0 = Release|Any CPU
		{240E1FBD-10BF-4523-807E-8DBB457CFD17}.AppStore|iPhoneSimulator.Deploy.0 = Release|Any CPU
		{240E1FBD-10BF-4523-807E-8DBB457CFD17}.AppStore|x64.ActiveCfg = Release|Any CPU
		{240E1FBD-10BF-4523-807E-8DBB457CFD17}.AppStore|x64.Build.0 = Release|Any CPU
		{240E1FBD-10BF-4523-807E-8DBB457CFD17}.AppStore|x64.Deploy.0 = Release|Any CPU
		{240E1FBD-10BF-4523-807E-8DBB457CFD17}.AppStore|x86.ActiveCfg = Release|Any CPU
		{240E1FBD-10BF-4523-807E-8DBB457CFD17}.AppStore|x86.Build.0 = Release|Any CPU
		{240E1FBD-10BF-4523-807E-8DBB457CFD17}.AppStore|x86.Deploy.0 = Release|Any CPU
		{240E1FBD-10BF-4523-807E-8DBB457CFD17}.Debug|Any CPU.ActiveCfg = Debug|Any CPU
		{240E1FBD-10BF-4523-807E-8DBB457CFD17}.Debug|Any CPU.Build.0 = Debug|Any CPU
		{240E1FBD-10BF-4523-807E-8DBB457CFD17}.Debug|Any CPU.Deploy.0 = Debug|Any CPU
		{240E1FBD-10BF-4523-807E-8DBB457CFD17}.Debug|ARM.ActiveCfg = Debug|Any CPU
		{240E1FBD-10BF-4523-807E-8DBB457CFD17}.Debug|ARM.Build.0 = Debug|Any CPU
		{240E1FBD-10BF-4523-807E-8DBB457CFD17}.Debug|ARM.Deploy.0 = Debug|Any CPU
		{240E1FBD-10BF-4523-807E-8DBB457CFD17}.Debug|iPhone.ActiveCfg = Debug|Any CPU
		{240E1FBD-10BF-4523-807E-8DBB457CFD17}.Debug|iPhone.Build.0 = Debug|Any CPU
		{240E1FBD-10BF-4523-807E-8DBB457CFD17}.Debug|iPhone.Deploy.0 = Debug|Any CPU
		{240E1FBD-10BF-4523-807E-8DBB457CFD17}.Debug|iPhoneSimulator.ActiveCfg = Debug|Any CPU
		{240E1FBD-10BF-4523-807E-8DBB457CFD17}.Debug|iPhoneSimulator.Build.0 = Debug|Any CPU
		{240E1FBD-10BF-4523-807E-8DBB457CFD17}.Debug|iPhoneSimulator.Deploy.0 = Debug|Any CPU
		{240E1FBD-10BF-4523-807E-8DBB457CFD17}.Debug|x64.ActiveCfg = Debug|Any CPU
		{240E1FBD-10BF-4523-807E-8DBB457CFD17}.Debug|x64.Build.0 = Debug|Any CPU
		{240E1FBD-10BF-4523-807E-8DBB457CFD17}.Debug|x64.Deploy.0 = Debug|Any CPU
		{240E1FBD-10BF-4523-807E-8DBB457CFD17}.Debug|x86.ActiveCfg = Debug|Any CPU
		{240E1FBD-10BF-4523-807E-8DBB457CFD17}.Debug|x86.Build.0 = Debug|Any CPU
		{240E1FBD-10BF-4523-807E-8DBB457CFD17}.Debug|x86.Deploy.0 = Debug|Any CPU
		{240E1FBD-10BF-4523-807E-8DBB457CFD17}.Release|Any CPU.ActiveCfg = Release|Any CPU
		{240E1FBD-10BF-4523-807E-8DBB457CFD17}.Release|Any CPU.Build.0 = Release|Any CPU
		{240E1FBD-10BF-4523-807E-8DBB457CFD17}.Release|Any CPU.Deploy.0 = Release|Any CPU
		{240E1FBD-10BF-4523-807E-8DBB457CFD17}.Release|ARM.ActiveCfg = Release|Any CPU
		{240E1FBD-10BF-4523-807E-8DBB457CFD17}.Release|ARM.Build.0 = Release|Any CPU
		{240E1FBD-10BF-4523-807E-8DBB457CFD17}.Release|ARM.Deploy.0 = Release|Any CPU
		{240E1FBD-10BF-4523-807E-8DBB457CFD17}.Release|iPhone.ActiveCfg = Release|Any CPU
		{240E1FBD-10BF-4523-807E-8DBB457CFD17}.Release|iPhone.Build.0 = Release|Any CPU
		{240E1FBD-10BF-4523-807E-8DBB457CFD17}.Release|iPhone.Deploy.0 = Release|Any CPU
		{240E1FBD-10BF-4523-807E-8DBB457CFD17}.Release|iPhoneSimulator.ActiveCfg = Release|Any CPU
		{240E1FBD-10BF-4523-807E-8DBB457CFD17}.Release|iPhoneSimulator.Build.0 = Release|Any CPU
		{240E1FBD-10BF-4523-807E-8DBB457CFD17}.Release|iPhoneSimulator.Deploy.0 = Release|Any CPU
		{240E1FBD-10BF-4523-807E-8DBB457CFD17}.Release|x64.ActiveCfg = Release|Any CPU
		{240E1FBD-10BF-4523-807E-8DBB457CFD17}.Release|x64.Build.0 = Release|Any CPU
		{240E1FBD-10BF-4523-807E-8DBB457CFD17}.Release|x64.Deploy.0 = Release|Any CPU
		{240E1FBD-10BF-4523-807E-8DBB457CFD17}.Release|x86.ActiveCfg = Release|Any CPU
		{240E1FBD-10BF-4523-807E-8DBB457CFD17}.Release|x86.Build.0 = Release|Any CPU
		{240E1FBD-10BF-4523-807E-8DBB457CFD17}.Release|x86.Deploy.0 = Release|Any CPU
		{305963A9-ABA3-4D85-BE70-1884584DC219}.Ad-Hoc|Any CPU.ActiveCfg = Release|x64
		{305963A9-ABA3-4D85-BE70-1884584DC219}.Ad-Hoc|Any CPU.Build.0 = Release|x64
		{305963A9-ABA3-4D85-BE70-1884584DC219}.Ad-Hoc|Any CPU.Deploy.0 = Release|x64
		{305963A9-ABA3-4D85-BE70-1884584DC219}.Ad-Hoc|ARM.ActiveCfg = Release|ARM
		{305963A9-ABA3-4D85-BE70-1884584DC219}.Ad-Hoc|ARM.Build.0 = Release|ARM
		{305963A9-ABA3-4D85-BE70-1884584DC219}.Ad-Hoc|ARM.Deploy.0 = Release|ARM
		{305963A9-ABA3-4D85-BE70-1884584DC219}.Ad-Hoc|iPhone.ActiveCfg = Release|x64
		{305963A9-ABA3-4D85-BE70-1884584DC219}.Ad-Hoc|iPhone.Build.0 = Release|x64
		{305963A9-ABA3-4D85-BE70-1884584DC219}.Ad-Hoc|iPhone.Deploy.0 = Release|x64
		{305963A9-ABA3-4D85-BE70-1884584DC219}.Ad-Hoc|iPhoneSimulator.ActiveCfg = Release|x64
		{305963A9-ABA3-4D85-BE70-1884584DC219}.Ad-Hoc|iPhoneSimulator.Build.0 = Release|x64
		{305963A9-ABA3-4D85-BE70-1884584DC219}.Ad-Hoc|iPhoneSimulator.Deploy.0 = Release|x64
		{305963A9-ABA3-4D85-BE70-1884584DC219}.Ad-Hoc|x64.ActiveCfg = Release|x64
		{305963A9-ABA3-4D85-BE70-1884584DC219}.Ad-Hoc|x64.Build.0 = Release|x64
		{305963A9-ABA3-4D85-BE70-1884584DC219}.Ad-Hoc|x64.Deploy.0 = Release|x64
		{305963A9-ABA3-4D85-BE70-1884584DC219}.Ad-Hoc|x86.ActiveCfg = Release|x86
		{305963A9-ABA3-4D85-BE70-1884584DC219}.Ad-Hoc|x86.Build.0 = Release|x86
		{305963A9-ABA3-4D85-BE70-1884584DC219}.Ad-Hoc|x86.Deploy.0 = Release|x86
		{305963A9-ABA3-4D85-BE70-1884584DC219}.AppStore|Any CPU.ActiveCfg = Release|x64
		{305963A9-ABA3-4D85-BE70-1884584DC219}.AppStore|Any CPU.Build.0 = Release|x64
		{305963A9-ABA3-4D85-BE70-1884584DC219}.AppStore|Any CPU.Deploy.0 = Release|x64
		{305963A9-ABA3-4D85-BE70-1884584DC219}.AppStore|ARM.ActiveCfg = Release|ARM
		{305963A9-ABA3-4D85-BE70-1884584DC219}.AppStore|ARM.Build.0 = Release|ARM
		{305963A9-ABA3-4D85-BE70-1884584DC219}.AppStore|ARM.Deploy.0 = Release|ARM
		{305963A9-ABA3-4D85-BE70-1884584DC219}.AppStore|iPhone.ActiveCfg = Release|x64
		{305963A9-ABA3-4D85-BE70-1884584DC219}.AppStore|iPhone.Build.0 = Release|x64
		{305963A9-ABA3-4D85-BE70-1884584DC219}.AppStore|iPhone.Deploy.0 = Release|x64
		{305963A9-ABA3-4D85-BE70-1884584DC219}.AppStore|iPhoneSimulator.ActiveCfg = Release|x64
		{305963A9-ABA3-4D85-BE70-1884584DC219}.AppStore|iPhoneSimulator.Build.0 = Release|x64
		{305963A9-ABA3-4D85-BE70-1884584DC219}.AppStore|iPhoneSimulator.Deploy.0 = Release|x64
		{305963A9-ABA3-4D85-BE70-1884584DC219}.AppStore|x64.ActiveCfg = Release|x64
		{305963A9-ABA3-4D85-BE70-1884584DC219}.AppStore|x64.Build.0 = Release|x64
		{305963A9-ABA3-4D85-BE70-1884584DC219}.AppStore|x64.Deploy.0 = Release|x64
		{305963A9-ABA3-4D85-BE70-1884584DC219}.AppStore|x86.ActiveCfg = Release|x86
		{305963A9-ABA3-4D85-BE70-1884584DC219}.AppStore|x86.Build.0 = Release|x86
		{305963A9-ABA3-4D85-BE70-1884584DC219}.AppStore|x86.Deploy.0 = Release|x86
		{305963A9-ABA3-4D85-BE70-1884584DC219}.Debug|Any CPU.ActiveCfg = Debug|x86
		{305963A9-ABA3-4D85-BE70-1884584DC219}.Debug|ARM.ActiveCfg = Debug|ARM
		{305963A9-ABA3-4D85-BE70-1884584DC219}.Debug|ARM.Build.0 = Debug|ARM
		{305963A9-ABA3-4D85-BE70-1884584DC219}.Debug|ARM.Deploy.0 = Debug|ARM
		{305963A9-ABA3-4D85-BE70-1884584DC219}.Debug|iPhone.ActiveCfg = Debug|x86
		{305963A9-ABA3-4D85-BE70-1884584DC219}.Debug|iPhoneSimulator.ActiveCfg = Debug|x86
		{305963A9-ABA3-4D85-BE70-1884584DC219}.Debug|x64.ActiveCfg = Debug|x64
		{305963A9-ABA3-4D85-BE70-1884584DC219}.Debug|x64.Build.0 = Debug|x64
		{305963A9-ABA3-4D85-BE70-1884584DC219}.Debug|x64.Deploy.0 = Debug|x64
		{305963A9-ABA3-4D85-BE70-1884584DC219}.Debug|x86.ActiveCfg = Debug|x86
		{305963A9-ABA3-4D85-BE70-1884584DC219}.Debug|x86.Build.0 = Debug|x86
		{305963A9-ABA3-4D85-BE70-1884584DC219}.Debug|x86.Deploy.0 = Debug|x86
		{305963A9-ABA3-4D85-BE70-1884584DC219}.Release|Any CPU.ActiveCfg = Release|x86
		{305963A9-ABA3-4D85-BE70-1884584DC219}.Release|ARM.ActiveCfg = Release|ARM
		{305963A9-ABA3-4D85-BE70-1884584DC219}.Release|ARM.Build.0 = Release|ARM
		{305963A9-ABA3-4D85-BE70-1884584DC219}.Release|ARM.Deploy.0 = Release|ARM
		{305963A9-ABA3-4D85-BE70-1884584DC219}.Release|iPhone.ActiveCfg = Release|x86
		{305963A9-ABA3-4D85-BE70-1884584DC219}.Release|iPhoneSimulator.ActiveCfg = Release|x86
		{305963A9-ABA3-4D85-BE70-1884584DC219}.Release|x64.ActiveCfg = Release|x64
		{305963A9-ABA3-4D85-BE70-1884584DC219}.Release|x64.Build.0 = Release|x64
		{305963A9-ABA3-4D85-BE70-1884584DC219}.Release|x64.Deploy.0 = Release|x64
		{305963A9-ABA3-4D85-BE70-1884584DC219}.Release|x86.ActiveCfg = Release|x86
		{305963A9-ABA3-4D85-BE70-1884584DC219}.Release|x86.Build.0 = Release|x86
		{305963A9-ABA3-4D85-BE70-1884584DC219}.Release|x86.Deploy.0 = Release|x86
		{E5648EC6-9A73-421D-B4DA-52A9F73CC9BB}.Ad-Hoc|Any CPU.ActiveCfg = Ad-Hoc|iPhone
		{E5648EC6-9A73-421D-B4DA-52A9F73CC9BB}.Ad-Hoc|ARM.ActiveCfg = Ad-Hoc|iPhone
		{E5648EC6-9A73-421D-B4DA-52A9F73CC9BB}.Ad-Hoc|iPhone.ActiveCfg = Ad-Hoc|iPhone
		{E5648EC6-9A73-421D-B4DA-52A9F73CC9BB}.Ad-Hoc|iPhone.Build.0 = Ad-Hoc|iPhone
		{E5648EC6-9A73-421D-B4DA-52A9F73CC9BB}.Ad-Hoc|iPhoneSimulator.ActiveCfg = Ad-Hoc|iPhoneSimulator
		{E5648EC6-9A73-421D-B4DA-52A9F73CC9BB}.Ad-Hoc|iPhoneSimulator.Build.0 = Ad-Hoc|iPhoneSimulator
		{E5648EC6-9A73-421D-B4DA-52A9F73CC9BB}.Ad-Hoc|x64.ActiveCfg = Ad-Hoc|iPhone
		{E5648EC6-9A73-421D-B4DA-52A9F73CC9BB}.Ad-Hoc|x86.ActiveCfg = Ad-Hoc|iPhone
		{E5648EC6-9A73-421D-B4DA-52A9F73CC9BB}.AppStore|Any CPU.ActiveCfg = AppStore|iPhone
		{E5648EC6-9A73-421D-B4DA-52A9F73CC9BB}.AppStore|ARM.ActiveCfg = AppStore|iPhone
		{E5648EC6-9A73-421D-B4DA-52A9F73CC9BB}.AppStore|iPhone.ActiveCfg = AppStore|iPhone
		{E5648EC6-9A73-421D-B4DA-52A9F73CC9BB}.AppStore|iPhone.Build.0 = AppStore|iPhone
		{E5648EC6-9A73-421D-B4DA-52A9F73CC9BB}.AppStore|iPhoneSimulator.ActiveCfg = AppStore|iPhoneSimulator
		{E5648EC6-9A73-421D-B4DA-52A9F73CC9BB}.AppStore|iPhoneSimulator.Build.0 = AppStore|iPhoneSimulator
		{E5648EC6-9A73-421D-B4DA-52A9F73CC9BB}.AppStore|x64.ActiveCfg = AppStore|iPhone
		{E5648EC6-9A73-421D-B4DA-52A9F73CC9BB}.AppStore|x86.ActiveCfg = AppStore|iPhone
		{E5648EC6-9A73-421D-B4DA-52A9F73CC9BB}.Debug|Any CPU.ActiveCfg = Debug|iPhone
		{E5648EC6-9A73-421D-B4DA-52A9F73CC9BB}.Debug|ARM.ActiveCfg = Debug|iPhone
		{E5648EC6-9A73-421D-B4DA-52A9F73CC9BB}.Debug|iPhone.ActiveCfg = Debug|iPhone
		{E5648EC6-9A73-421D-B4DA-52A9F73CC9BB}.Debug|iPhone.Build.0 = Debug|iPhone
		{E5648EC6-9A73-421D-B4DA-52A9F73CC9BB}.Debug|iPhoneSimulator.ActiveCfg = Debug|iPhoneSimulator
		{E5648EC6-9A73-421D-B4DA-52A9F73CC9BB}.Debug|iPhoneSimulator.Build.0 = Debug|iPhoneSimulator
		{E5648EC6-9A73-421D-B4DA-52A9F73CC9BB}.Debug|x64.ActiveCfg = Debug|iPhone
		{E5648EC6-9A73-421D-B4DA-52A9F73CC9BB}.Debug|x86.ActiveCfg = Debug|iPhone
		{E5648EC6-9A73-421D-B4DA-52A9F73CC9BB}.Release|Any CPU.ActiveCfg = Release|iPhone
		{E5648EC6-9A73-421D-B4DA-52A9F73CC9BB}.Release|ARM.ActiveCfg = Release|iPhone
		{E5648EC6-9A73-421D-B4DA-52A9F73CC9BB}.Release|iPhone.ActiveCfg = Release|iPhone
		{E5648EC6-9A73-421D-B4DA-52A9F73CC9BB}.Release|iPhone.Build.0 = Release|iPhone
		{E5648EC6-9A73-421D-B4DA-52A9F73CC9BB}.Release|iPhoneSimulator.ActiveCfg = Release|iPhoneSimulator
		{E5648EC6-9A73-421D-B4DA-52A9F73CC9BB}.Release|iPhoneSimulator.Build.0 = Release|iPhoneSimulator
		{E5648EC6-9A73-421D-B4DA-52A9F73CC9BB}.Release|x64.ActiveCfg = Release|iPhone
		{E5648EC6-9A73-421D-B4DA-52A9F73CC9BB}.Release|x86.ActiveCfg = Release|iPhone
		{27CF796F-61F8-4558-89E8-99BAF7A921B6}.Ad-Hoc|Any CPU.ActiveCfg = Debug|Any CPU
		{27CF796F-61F8-4558-89E8-99BAF7A921B6}.Ad-Hoc|Any CPU.Build.0 = Debug|Any CPU
		{27CF796F-61F8-4558-89E8-99BAF7A921B6}.Ad-Hoc|ARM.ActiveCfg = Debug|Any CPU
		{27CF796F-61F8-4558-89E8-99BAF7A921B6}.Ad-Hoc|ARM.Build.0 = Debug|Any CPU
		{27CF796F-61F8-4558-89E8-99BAF7A921B6}.Ad-Hoc|iPhone.ActiveCfg = Debug|Any CPU
		{27CF796F-61F8-4558-89E8-99BAF7A921B6}.Ad-Hoc|iPhone.Build.0 = Debug|Any CPU
		{27CF796F-61F8-4558-89E8-99BAF7A921B6}.Ad-Hoc|iPhoneSimulator.ActiveCfg = Debug|Any CPU
		{27CF796F-61F8-4558-89E8-99BAF7A921B6}.Ad-Hoc|iPhoneSimulator.Build.0 = Debug|Any CPU
		{27CF796F-61F8-4558-89E8-99BAF7A921B6}.Ad-Hoc|x64.ActiveCfg = Debug|Any CPU
		{27CF796F-61F8-4558-89E8-99BAF7A921B6}.Ad-Hoc|x64.Build.0 = Debug|Any CPU
		{27CF796F-61F8-4558-89E8-99BAF7A921B6}.Ad-Hoc|x86.ActiveCfg = Debug|Any CPU
		{27CF796F-61F8-4558-89E8-99BAF7A921B6}.Ad-Hoc|x86.Build.0 = Debug|Any CPU
		{27CF796F-61F8-4558-89E8-99BAF7A921B6}.AppStore|Any CPU.ActiveCfg = Debug|Any CPU
		{27CF796F-61F8-4558-89E8-99BAF7A921B6}.AppStore|Any CPU.Build.0 = Debug|Any CPU
		{27CF796F-61F8-4558-89E8-99BAF7A921B6}.AppStore|ARM.ActiveCfg = Debug|Any CPU
		{27CF796F-61F8-4558-89E8-99BAF7A921B6}.AppStore|ARM.Build.0 = Debug|Any CPU
		{27CF796F-61F8-4558-89E8-99BAF7A921B6}.AppStore|iPhone.ActiveCfg = Debug|Any CPU
		{27CF796F-61F8-4558-89E8-99BAF7A921B6}.AppStore|iPhone.Build.0 = Debug|Any CPU
		{27CF796F-61F8-4558-89E8-99BAF7A921B6}.AppStore|iPhoneSimulator.ActiveCfg = Debug|Any CPU
		{27CF796F-61F8-4558-89E8-99BAF7A921B6}.AppStore|iPhoneSimulator.Build.0 = Debug|Any CPU
		{27CF796F-61F8-4558-89E8-99BAF7A921B6}.AppStore|x64.ActiveCfg = Debug|Any CPU
		{27CF796F-61F8-4558-89E8-99BAF7A921B6}.AppStore|x64.Build.0 = Debug|Any CPU
		{27CF796F-61F8-4558-89E8-99BAF7A921B6}.AppStore|x86.ActiveCfg = Debug|Any CPU
		{27CF796F-61F8-4558-89E8-99BAF7A921B6}.AppStore|x86.Build.0 = Debug|Any CPU
		{27CF796F-61F8-4558-89E8-99BAF7A921B6}.Debug|Any CPU.ActiveCfg = Debug|Any CPU
		{27CF796F-61F8-4558-89E8-99BAF7A921B6}.Debug|Any CPU.Build.0 = Debug|Any CPU
		{27CF796F-61F8-4558-89E8-99BAF7A921B6}.Debug|ARM.ActiveCfg = Debug|Any CPU
		{27CF796F-61F8-4558-89E8-99BAF7A921B6}.Debug|ARM.Build.0 = Debug|Any CPU
		{27CF796F-61F8-4558-89E8-99BAF7A921B6}.Debug|iPhone.ActiveCfg = Debug|Any CPU
		{27CF796F-61F8-4558-89E8-99BAF7A921B6}.Debug|iPhone.Build.0 = Debug|Any CPU
		{27CF796F-61F8-4558-89E8-99BAF7A921B6}.Debug|iPhoneSimulator.ActiveCfg = Debug|Any CPU
		{27CF796F-61F8-4558-89E8-99BAF7A921B6}.Debug|iPhoneSimulator.Build.0 = Debug|Any CPU
		{27CF796F-61F8-4558-89E8-99BAF7A921B6}.Debug|x64.ActiveCfg = Debug|Any CPU
		{27CF796F-61F8-4558-89E8-99BAF7A921B6}.Debug|x64.Build.0 = Debug|Any CPU
		{27CF796F-61F8-4558-89E8-99BAF7A921B6}.Debug|x86.ActiveCfg = Debug|Any CPU
		{27CF796F-61F8-4558-89E8-99BAF7A921B6}.Debug|x86.Build.0 = Debug|Any CPU
		{27CF796F-61F8-4558-89E8-99BAF7A921B6}.Release|Any CPU.ActiveCfg = Release|Any CPU
		{27CF796F-61F8-4558-89E8-99BAF7A921B6}.Release|Any CPU.Build.0 = Release|Any CPU
		{27CF796F-61F8-4558-89E8-99BAF7A921B6}.Release|ARM.ActiveCfg = Release|Any CPU
		{27CF796F-61F8-4558-89E8-99BAF7A921B6}.Release|ARM.Build.0 = Release|Any CPU
		{27CF796F-61F8-4558-89E8-99BAF7A921B6}.Release|iPhone.ActiveCfg = Release|Any CPU
		{27CF796F-61F8-4558-89E8-99BAF7A921B6}.Release|iPhone.Build.0 = Release|Any CPU
		{27CF796F-61F8-4558-89E8-99BAF7A921B6}.Release|iPhoneSimulator.ActiveCfg = Release|Any CPU
		{27CF796F-61F8-4558-89E8-99BAF7A921B6}.Release|iPhoneSimulator.Build.0 = Release|Any CPU
		{27CF796F-61F8-4558-89E8-99BAF7A921B6}.Release|x64.ActiveCfg = Release|Any CPU
		{27CF796F-61F8-4558-89E8-99BAF7A921B6}.Release|x64.Build.0 = Release|Any CPU
		{27CF796F-61F8-4558-89E8-99BAF7A921B6}.Release|x86.ActiveCfg = Release|Any CPU
		{27CF796F-61F8-4558-89E8-99BAF7A921B6}.Release|x86.Build.0 = Release|Any CPU
	EndGlobalSection
	GlobalSection(SolutionProperties) = preSolution
		HideSolutionNode = FALSE
	EndGlobalSection
	GlobalSection(NestedProjects) = preSolution
		{BE571A72-69E6-4051-A1A4-EA6B97566A80} = {7B1C40EF-F065-4CCB-8578-A550D5466650}
		{63BFCB2B-F135-4109-B51A-7995957CA969} = {7B1C40EF-F065-4CCB-8578-A550D5466650}
		{240E1FBD-10BF-4523-807E-8DBB457CFD17} = {63BFCB2B-F135-4109-B51A-7995957CA969}
		{305963A9-ABA3-4D85-BE70-1884584DC219} = {63BFCB2B-F135-4109-B51A-7995957CA969}
		{E5648EC6-9A73-421D-B4DA-52A9F73CC9BB} = {63BFCB2B-F135-4109-B51A-7995957CA969}
		{183E1689-7093-4CDD-BFA3-3881D9997CE7} = {DA1EEF04-4486-4E80-BF55-F72B338254C2}
		{4CF507B3-5E97-43EF-9A83-C08C3E903C0C} = {7B1C40EF-F065-4CCB-8578-A550D5466650}
		{FD52BAC8-5866-41E0-8CCC-6C593943D25E} = {7B1C40EF-F065-4CCB-8578-A550D5466650}
		{27CF796F-61F8-4558-89E8-99BAF7A921B6} = {FD52BAC8-5866-41E0-8CCC-6C593943D25E}
		{88F16A5B-450B-4A45-8DA6-6B8790FD70A8} = {FD52BAC8-5866-41E0-8CCC-6C593943D25E}
		{009BCCAE-8C65-499C-9F44-934291394DAE} = {FD52BAC8-5866-41E0-8CCC-6C593943D25E}
	EndGlobalSection
	GlobalSection(ExtensibilityGlobals) = postSolution
		SolutionGuid = {77481E86-259D-409F-B83B-AD580FAB08AD}
	EndGlobalSection
EndGlobal
