
Microsoft Visual Studio Solution File, Format Version 12.00
# Visual Studio 15
VisualStudioVersion = 15.0.27130.2010
MinimumVisualStudioVersion = 10.0.40219.1
Project("{FAE04EC0-301F-11D3-BF4B-00C04F79EFBC}") = "iHentai", "Core\iHentai\iHentai.csproj", "{BFA72AE1-0CB0-4991-A23C-4A3AD836CCF4}"
EndProject
Project("{8BC9CEB8-8B4A-11D0-8D11-00A0C91BC942}") = "WaterFallView", "Core\WaterFallView\WaterFallView.vcxproj", "{1BD1BC4B-F0B7-4B8A-B27D-741413A19518}"
EndProject
Project("{FAE04EC0-301F-11D3-BF4B-00C04F79EFBC}") = "iHentai.Paging", "Core\iHentai.Paging\iHentai.Paging.csproj", "{7EAE4838-BF0D-48EC-AF8F-2F979FAC91E2}"
EndProject
Project("{FAE04EC0-301F-11D3-BF4B-00C04F79EFBC}") = "iHentai.Mvvm", "Core\iHentai.Mvvm\iHentai.Mvvm.csproj", "{834BD393-52AF-43DB-879F-934F9CADF811}"
EndProject
Project("{FAE04EC0-301F-11D3-BF4B-00C04F79EFBC}") = "iHentai.Apis", "iHentai\iHentai.Apis\iHentai.Apis.csproj", "{17ADF4D3-9B3E-4DEC-B2E2-2417CCC1FFE8}"
EndProject
Project("{FAE04EC0-301F-11D3-BF4B-00C04F79EFBC}") = "iHentai.Basic", "Core\iHentai.Basic\iHentai.Basic.csproj", "{6E47AAEF-A369-4767-BA36-1E59C1E64F45}"
EndProject
Project("{2150E333-8FDC-42A3-9474-1A3956D46DE8}") = "iHentai", "iHentai", "{65F56BAC-C679-4531-AA68-A66CAAB1AFFE}"
EndProject
Project("{2150E333-8FDC-42A3-9474-1A3956D46DE8}") = "Conet", "Conet", "{72112578-3912-41F1-8242-E5F8A80E2F13}"
EndProject
Project("{FAE04EC0-301F-11D3-BF4B-00C04F79EFBC}") = "Conet", "Conet\Conet\Conet.csproj", "{152BB566-C7FF-47C7-AA15-EAB367ABECC6}"
EndProject
Project("{FAE04EC0-301F-11D3-BF4B-00C04F79EFBC}") = "iHentai.Core", "iHentai\iHentai.Core\iHentai.Core.csproj", "{4428C367-6D43-44D9-8C96-DDE783019613}"
EndProject
Project("{2150E333-8FDC-42A3-9474-1A3956D46DE8}") = "Core", "Core", "{A90A407A-F395-498E-8D5F-39BB3F3B0112}"
EndProject
Project("{FAE04EC0-301F-11D3-BF4B-00C04F79EFBC}") = "Conet.Apis", "Conet\Conet.Apis\Conet.Apis.csproj", "{FF200C31-7908-4DC4-B917-E20A415D20DF}"
EndProject
Project("{FAE04EC0-301F-11D3-BF4B-00C04F79EFBC}") = "iHentai.Services", "Core\iHentai.Services\iHentai.Services.csproj", "{C082DED4-FBB4-4A92-89F5-6FA8FFED436C}"
EndProject
Project("{FAE04EC0-301F-11D3-BF4B-00C04F79EFBC}") = "Conet.Test", "Conet\Conet.Test\Conet.Test.csproj", "{C6F2A08C-CB44-4384-A16C-8C16EDAD0574}"
EndProject
Global
	GlobalSection(SolutionConfigurationPlatforms) = preSolution
		Debug|Any CPU = Debug|Any CPU
		Debug|ARM = Debug|ARM
		Debug|x64 = Debug|x64
		Debug|x86 = Debug|x86
		Release|Any CPU = Release|Any CPU
		Release|ARM = Release|ARM
		Release|x64 = Release|x64
		Release|x86 = Release|x86
	EndGlobalSection
	GlobalSection(ProjectConfigurationPlatforms) = postSolution
		{BFA72AE1-0CB0-4991-A23C-4A3AD836CCF4}.Debug|Any CPU.ActiveCfg = Debug|x86
		{BFA72AE1-0CB0-4991-A23C-4A3AD836CCF4}.Debug|ARM.ActiveCfg = Debug|ARM
		{BFA72AE1-0CB0-4991-A23C-4A3AD836CCF4}.Debug|ARM.Build.0 = Debug|ARM
		{BFA72AE1-0CB0-4991-A23C-4A3AD836CCF4}.Debug|ARM.Deploy.0 = Debug|ARM
		{BFA72AE1-0CB0-4991-A23C-4A3AD836CCF4}.Debug|x64.ActiveCfg = Debug|x64
		{BFA72AE1-0CB0-4991-A23C-4A3AD836CCF4}.Debug|x64.Build.0 = Debug|x64
		{BFA72AE1-0CB0-4991-A23C-4A3AD836CCF4}.Debug|x64.Deploy.0 = Debug|x64
		{BFA72AE1-0CB0-4991-A23C-4A3AD836CCF4}.Debug|x86.ActiveCfg = Debug|x86
		{BFA72AE1-0CB0-4991-A23C-4A3AD836CCF4}.Debug|x86.Build.0 = Debug|x86
		{BFA72AE1-0CB0-4991-A23C-4A3AD836CCF4}.Debug|x86.Deploy.0 = Debug|x86
		{BFA72AE1-0CB0-4991-A23C-4A3AD836CCF4}.Release|Any CPU.ActiveCfg = Release|x86
		{BFA72AE1-0CB0-4991-A23C-4A3AD836CCF4}.Release|ARM.ActiveCfg = Release|ARM
		{BFA72AE1-0CB0-4991-A23C-4A3AD836CCF4}.Release|ARM.Build.0 = Release|ARM
		{BFA72AE1-0CB0-4991-A23C-4A3AD836CCF4}.Release|ARM.Deploy.0 = Release|ARM
		{BFA72AE1-0CB0-4991-A23C-4A3AD836CCF4}.Release|x64.ActiveCfg = Release|x64
		{BFA72AE1-0CB0-4991-A23C-4A3AD836CCF4}.Release|x64.Build.0 = Release|x64
		{BFA72AE1-0CB0-4991-A23C-4A3AD836CCF4}.Release|x64.Deploy.0 = Release|x64
		{BFA72AE1-0CB0-4991-A23C-4A3AD836CCF4}.Release|x86.ActiveCfg = Release|x86
		{BFA72AE1-0CB0-4991-A23C-4A3AD836CCF4}.Release|x86.Build.0 = Release|x86
		{BFA72AE1-0CB0-4991-A23C-4A3AD836CCF4}.Release|x86.Deploy.0 = Release|x86
		{1BD1BC4B-F0B7-4B8A-B27D-741413A19518}.Debug|Any CPU.ActiveCfg = Debug|Win32
		{1BD1BC4B-F0B7-4B8A-B27D-741413A19518}.Debug|ARM.ActiveCfg = Debug|ARM
		{1BD1BC4B-F0B7-4B8A-B27D-741413A19518}.Debug|ARM.Build.0 = Debug|ARM
		{1BD1BC4B-F0B7-4B8A-B27D-741413A19518}.Debug|x64.ActiveCfg = Debug|x64
		{1BD1BC4B-F0B7-4B8A-B27D-741413A19518}.Debug|x64.Build.0 = Debug|x64
		{1BD1BC4B-F0B7-4B8A-B27D-741413A19518}.Debug|x86.ActiveCfg = Debug|Win32
		{1BD1BC4B-F0B7-4B8A-B27D-741413A19518}.Debug|x86.Build.0 = Debug|Win32
		{1BD1BC4B-F0B7-4B8A-B27D-741413A19518}.Release|Any CPU.ActiveCfg = Release|Win32
		{1BD1BC4B-F0B7-4B8A-B27D-741413A19518}.Release|ARM.ActiveCfg = Release|ARM
		{1BD1BC4B-F0B7-4B8A-B27D-741413A19518}.Release|ARM.Build.0 = Release|ARM
		{1BD1BC4B-F0B7-4B8A-B27D-741413A19518}.Release|x64.ActiveCfg = Release|x64
		{1BD1BC4B-F0B7-4B8A-B27D-741413A19518}.Release|x64.Build.0 = Release|x64
		{1BD1BC4B-F0B7-4B8A-B27D-741413A19518}.Release|x86.ActiveCfg = Release|Win32
		{1BD1BC4B-F0B7-4B8A-B27D-741413A19518}.Release|x86.Build.0 = Release|Win32
		{7EAE4838-BF0D-48EC-AF8F-2F979FAC91E2}.Debug|Any CPU.ActiveCfg = Debug|Any CPU
		{7EAE4838-BF0D-48EC-AF8F-2F979FAC91E2}.Debug|Any CPU.Build.0 = Debug|Any CPU
		{7EAE4838-BF0D-48EC-AF8F-2F979FAC91E2}.Debug|ARM.ActiveCfg = Debug|ARM
		{7EAE4838-BF0D-48EC-AF8F-2F979FAC91E2}.Debug|ARM.Build.0 = Debug|ARM
		{7EAE4838-BF0D-48EC-AF8F-2F979FAC91E2}.Debug|x64.ActiveCfg = Debug|x64
		{7EAE4838-BF0D-48EC-AF8F-2F979FAC91E2}.Debug|x64.Build.0 = Debug|x64
		{7EAE4838-BF0D-48EC-AF8F-2F979FAC91E2}.Debug|x86.ActiveCfg = Debug|x86
		{7EAE4838-BF0D-48EC-AF8F-2F979FAC91E2}.Debug|x86.Build.0 = Debug|x86
		{7EAE4838-BF0D-48EC-AF8F-2F979FAC91E2}.Release|Any CPU.ActiveCfg = Release|Any CPU
		{7EAE4838-BF0D-48EC-AF8F-2F979FAC91E2}.Release|Any CPU.Build.0 = Release|Any CPU
		{7EAE4838-BF0D-48EC-AF8F-2F979FAC91E2}.Release|ARM.ActiveCfg = Release|ARM
		{7EAE4838-BF0D-48EC-AF8F-2F979FAC91E2}.Release|ARM.Build.0 = Release|ARM
		{7EAE4838-BF0D-48EC-AF8F-2F979FAC91E2}.Release|x64.ActiveCfg = Release|x64
		{7EAE4838-BF0D-48EC-AF8F-2F979FAC91E2}.Release|x64.Build.0 = Release|x64
		{7EAE4838-BF0D-48EC-AF8F-2F979FAC91E2}.Release|x86.ActiveCfg = Release|x86
		{7EAE4838-BF0D-48EC-AF8F-2F979FAC91E2}.Release|x86.Build.0 = Release|x86
		{834BD393-52AF-43DB-879F-934F9CADF811}.Debug|Any CPU.ActiveCfg = Debug|Any CPU
		{834BD393-52AF-43DB-879F-934F9CADF811}.Debug|Any CPU.Build.0 = Debug|Any CPU
		{834BD393-52AF-43DB-879F-934F9CADF811}.Debug|ARM.ActiveCfg = Debug|ARM
		{834BD393-52AF-43DB-879F-934F9CADF811}.Debug|ARM.Build.0 = Debug|ARM
		{834BD393-52AF-43DB-879F-934F9CADF811}.Debug|x64.ActiveCfg = Debug|x64
		{834BD393-52AF-43DB-879F-934F9CADF811}.Debug|x64.Build.0 = Debug|x64
		{834BD393-52AF-43DB-879F-934F9CADF811}.Debug|x86.ActiveCfg = Debug|x86
		{834BD393-52AF-43DB-879F-934F9CADF811}.Debug|x86.Build.0 = Debug|x86
		{834BD393-52AF-43DB-879F-934F9CADF811}.Release|Any CPU.ActiveCfg = Release|Any CPU
		{834BD393-52AF-43DB-879F-934F9CADF811}.Release|Any CPU.Build.0 = Release|Any CPU
		{834BD393-52AF-43DB-879F-934F9CADF811}.Release|ARM.ActiveCfg = Release|ARM
		{834BD393-52AF-43DB-879F-934F9CADF811}.Release|ARM.Build.0 = Release|ARM
		{834BD393-52AF-43DB-879F-934F9CADF811}.Release|x64.ActiveCfg = Release|x64
		{834BD393-52AF-43DB-879F-934F9CADF811}.Release|x64.Build.0 = Release|x64
		{834BD393-52AF-43DB-879F-934F9CADF811}.Release|x86.ActiveCfg = Release|x86
		{834BD393-52AF-43DB-879F-934F9CADF811}.Release|x86.Build.0 = Release|x86
		{17ADF4D3-9B3E-4DEC-B2E2-2417CCC1FFE8}.Debug|Any CPU.ActiveCfg = Debug|Any CPU
		{17ADF4D3-9B3E-4DEC-B2E2-2417CCC1FFE8}.Debug|Any CPU.Build.0 = Debug|Any CPU
		{17ADF4D3-9B3E-4DEC-B2E2-2417CCC1FFE8}.Debug|ARM.ActiveCfg = Debug|ARM
		{17ADF4D3-9B3E-4DEC-B2E2-2417CCC1FFE8}.Debug|ARM.Build.0 = Debug|ARM
		{17ADF4D3-9B3E-4DEC-B2E2-2417CCC1FFE8}.Debug|x64.ActiveCfg = Debug|x64
		{17ADF4D3-9B3E-4DEC-B2E2-2417CCC1FFE8}.Debug|x64.Build.0 = Debug|x64
		{17ADF4D3-9B3E-4DEC-B2E2-2417CCC1FFE8}.Debug|x86.ActiveCfg = Debug|x86
		{17ADF4D3-9B3E-4DEC-B2E2-2417CCC1FFE8}.Debug|x86.Build.0 = Debug|x86
		{17ADF4D3-9B3E-4DEC-B2E2-2417CCC1FFE8}.Release|Any CPU.ActiveCfg = Release|Any CPU
		{17ADF4D3-9B3E-4DEC-B2E2-2417CCC1FFE8}.Release|Any CPU.Build.0 = Release|Any CPU
		{17ADF4D3-9B3E-4DEC-B2E2-2417CCC1FFE8}.Release|ARM.ActiveCfg = Release|ARM
		{17ADF4D3-9B3E-4DEC-B2E2-2417CCC1FFE8}.Release|ARM.Build.0 = Release|ARM
		{17ADF4D3-9B3E-4DEC-B2E2-2417CCC1FFE8}.Release|x64.ActiveCfg = Release|x64
		{17ADF4D3-9B3E-4DEC-B2E2-2417CCC1FFE8}.Release|x64.Build.0 = Release|x64
		{17ADF4D3-9B3E-4DEC-B2E2-2417CCC1FFE8}.Release|x86.ActiveCfg = Release|x86
		{17ADF4D3-9B3E-4DEC-B2E2-2417CCC1FFE8}.Release|x86.Build.0 = Release|x86
		{6E47AAEF-A369-4767-BA36-1E59C1E64F45}.Debug|Any CPU.ActiveCfg = Debug|Any CPU
		{6E47AAEF-A369-4767-BA36-1E59C1E64F45}.Debug|Any CPU.Build.0 = Debug|Any CPU
		{6E47AAEF-A369-4767-BA36-1E59C1E64F45}.Debug|ARM.ActiveCfg = Debug|ARM
		{6E47AAEF-A369-4767-BA36-1E59C1E64F45}.Debug|ARM.Build.0 = Debug|ARM
		{6E47AAEF-A369-4767-BA36-1E59C1E64F45}.Debug|x64.ActiveCfg = Debug|x64
		{6E47AAEF-A369-4767-BA36-1E59C1E64F45}.Debug|x64.Build.0 = Debug|x64
		{6E47AAEF-A369-4767-BA36-1E59C1E64F45}.Debug|x86.ActiveCfg = Debug|x86
		{6E47AAEF-A369-4767-BA36-1E59C1E64F45}.Debug|x86.Build.0 = Debug|x86
		{6E47AAEF-A369-4767-BA36-1E59C1E64F45}.Release|Any CPU.ActiveCfg = Release|Any CPU
		{6E47AAEF-A369-4767-BA36-1E59C1E64F45}.Release|Any CPU.Build.0 = Release|Any CPU
		{6E47AAEF-A369-4767-BA36-1E59C1E64F45}.Release|ARM.ActiveCfg = Release|ARM
		{6E47AAEF-A369-4767-BA36-1E59C1E64F45}.Release|ARM.Build.0 = Release|ARM
		{6E47AAEF-A369-4767-BA36-1E59C1E64F45}.Release|x64.ActiveCfg = Release|x64
		{6E47AAEF-A369-4767-BA36-1E59C1E64F45}.Release|x64.Build.0 = Release|x64
		{6E47AAEF-A369-4767-BA36-1E59C1E64F45}.Release|x86.ActiveCfg = Release|x86
		{6E47AAEF-A369-4767-BA36-1E59C1E64F45}.Release|x86.Build.0 = Release|x86
		{152BB566-C7FF-47C7-AA15-EAB367ABECC6}.Debug|Any CPU.ActiveCfg = Debug|Any CPU
		{152BB566-C7FF-47C7-AA15-EAB367ABECC6}.Debug|Any CPU.Build.0 = Debug|Any CPU
		{152BB566-C7FF-47C7-AA15-EAB367ABECC6}.Debug|ARM.ActiveCfg = Debug|ARM
		{152BB566-C7FF-47C7-AA15-EAB367ABECC6}.Debug|ARM.Build.0 = Debug|ARM
		{152BB566-C7FF-47C7-AA15-EAB367ABECC6}.Debug|x64.ActiveCfg = Debug|x64
		{152BB566-C7FF-47C7-AA15-EAB367ABECC6}.Debug|x64.Build.0 = Debug|x64
		{152BB566-C7FF-47C7-AA15-EAB367ABECC6}.Debug|x86.ActiveCfg = Debug|x86
		{152BB566-C7FF-47C7-AA15-EAB367ABECC6}.Debug|x86.Build.0 = Debug|x86
		{152BB566-C7FF-47C7-AA15-EAB367ABECC6}.Release|Any CPU.ActiveCfg = Release|Any CPU
		{152BB566-C7FF-47C7-AA15-EAB367ABECC6}.Release|Any CPU.Build.0 = Release|Any CPU
		{152BB566-C7FF-47C7-AA15-EAB367ABECC6}.Release|ARM.ActiveCfg = Release|ARM
		{152BB566-C7FF-47C7-AA15-EAB367ABECC6}.Release|ARM.Build.0 = Release|ARM
		{152BB566-C7FF-47C7-AA15-EAB367ABECC6}.Release|x64.ActiveCfg = Release|x64
		{152BB566-C7FF-47C7-AA15-EAB367ABECC6}.Release|x64.Build.0 = Release|x64
		{152BB566-C7FF-47C7-AA15-EAB367ABECC6}.Release|x86.ActiveCfg = Release|x86
		{152BB566-C7FF-47C7-AA15-EAB367ABECC6}.Release|x86.Build.0 = Release|x86
		{4428C367-6D43-44D9-8C96-DDE783019613}.Debug|Any CPU.ActiveCfg = Debug|Any CPU
		{4428C367-6D43-44D9-8C96-DDE783019613}.Debug|Any CPU.Build.0 = Debug|Any CPU
		{4428C367-6D43-44D9-8C96-DDE783019613}.Debug|ARM.ActiveCfg = Debug|ARM
		{4428C367-6D43-44D9-8C96-DDE783019613}.Debug|ARM.Build.0 = Debug|ARM
		{4428C367-6D43-44D9-8C96-DDE783019613}.Debug|x64.ActiveCfg = Debug|x64
		{4428C367-6D43-44D9-8C96-DDE783019613}.Debug|x64.Build.0 = Debug|x64
		{4428C367-6D43-44D9-8C96-DDE783019613}.Debug|x86.ActiveCfg = Debug|x86
		{4428C367-6D43-44D9-8C96-DDE783019613}.Debug|x86.Build.0 = Debug|x86
		{4428C367-6D43-44D9-8C96-DDE783019613}.Release|Any CPU.ActiveCfg = Release|Any CPU
		{4428C367-6D43-44D9-8C96-DDE783019613}.Release|Any CPU.Build.0 = Release|Any CPU
		{4428C367-6D43-44D9-8C96-DDE783019613}.Release|ARM.ActiveCfg = Release|ARM
		{4428C367-6D43-44D9-8C96-DDE783019613}.Release|ARM.Build.0 = Release|ARM
		{4428C367-6D43-44D9-8C96-DDE783019613}.Release|x64.ActiveCfg = Release|x64
		{4428C367-6D43-44D9-8C96-DDE783019613}.Release|x64.Build.0 = Release|x64
		{4428C367-6D43-44D9-8C96-DDE783019613}.Release|x86.ActiveCfg = Release|x86
		{4428C367-6D43-44D9-8C96-DDE783019613}.Release|x86.Build.0 = Release|x86
		{FF200C31-7908-4DC4-B917-E20A415D20DF}.Debug|Any CPU.ActiveCfg = Debug|Any CPU
		{FF200C31-7908-4DC4-B917-E20A415D20DF}.Debug|Any CPU.Build.0 = Debug|Any CPU
		{FF200C31-7908-4DC4-B917-E20A415D20DF}.Debug|ARM.ActiveCfg = Debug|ARM
		{FF200C31-7908-4DC4-B917-E20A415D20DF}.Debug|ARM.Build.0 = Debug|ARM
		{FF200C31-7908-4DC4-B917-E20A415D20DF}.Debug|x64.ActiveCfg = Debug|x64
		{FF200C31-7908-4DC4-B917-E20A415D20DF}.Debug|x64.Build.0 = Debug|x64
		{FF200C31-7908-4DC4-B917-E20A415D20DF}.Debug|x86.ActiveCfg = Debug|x86
		{FF200C31-7908-4DC4-B917-E20A415D20DF}.Debug|x86.Build.0 = Debug|x86
		{FF200C31-7908-4DC4-B917-E20A415D20DF}.Release|Any CPU.ActiveCfg = Release|Any CPU
		{FF200C31-7908-4DC4-B917-E20A415D20DF}.Release|Any CPU.Build.0 = Release|Any CPU
		{FF200C31-7908-4DC4-B917-E20A415D20DF}.Release|ARM.ActiveCfg = Release|ARM
		{FF200C31-7908-4DC4-B917-E20A415D20DF}.Release|ARM.Build.0 = Release|ARM
		{FF200C31-7908-4DC4-B917-E20A415D20DF}.Release|x64.ActiveCfg = Release|x64
		{FF200C31-7908-4DC4-B917-E20A415D20DF}.Release|x64.Build.0 = Release|x64
		{FF200C31-7908-4DC4-B917-E20A415D20DF}.Release|x86.ActiveCfg = Release|x86
		{FF200C31-7908-4DC4-B917-E20A415D20DF}.Release|x86.Build.0 = Release|x86
		{C082DED4-FBB4-4A92-89F5-6FA8FFED436C}.Debug|Any CPU.ActiveCfg = Debug|Any CPU
		{C082DED4-FBB4-4A92-89F5-6FA8FFED436C}.Debug|Any CPU.Build.0 = Debug|Any CPU
		{C082DED4-FBB4-4A92-89F5-6FA8FFED436C}.Debug|ARM.ActiveCfg = Debug|ARM
		{C082DED4-FBB4-4A92-89F5-6FA8FFED436C}.Debug|ARM.Build.0 = Debug|ARM
		{C082DED4-FBB4-4A92-89F5-6FA8FFED436C}.Debug|x64.ActiveCfg = Debug|x64
		{C082DED4-FBB4-4A92-89F5-6FA8FFED436C}.Debug|x64.Build.0 = Debug|x64
		{C082DED4-FBB4-4A92-89F5-6FA8FFED436C}.Debug|x86.ActiveCfg = Debug|x86
		{C082DED4-FBB4-4A92-89F5-6FA8FFED436C}.Debug|x86.Build.0 = Debug|x86
		{C082DED4-FBB4-4A92-89F5-6FA8FFED436C}.Release|Any CPU.ActiveCfg = Release|Any CPU
		{C082DED4-FBB4-4A92-89F5-6FA8FFED436C}.Release|Any CPU.Build.0 = Release|Any CPU
		{C082DED4-FBB4-4A92-89F5-6FA8FFED436C}.Release|ARM.ActiveCfg = Release|ARM
		{C082DED4-FBB4-4A92-89F5-6FA8FFED436C}.Release|ARM.Build.0 = Release|ARM
		{C082DED4-FBB4-4A92-89F5-6FA8FFED436C}.Release|x64.ActiveCfg = Release|x64
		{C082DED4-FBB4-4A92-89F5-6FA8FFED436C}.Release|x64.Build.0 = Release|x64
		{C082DED4-FBB4-4A92-89F5-6FA8FFED436C}.Release|x86.ActiveCfg = Release|x86
		{C082DED4-FBB4-4A92-89F5-6FA8FFED436C}.Release|x86.Build.0 = Release|x86
		{C6F2A08C-CB44-4384-A16C-8C16EDAD0574}.Debug|Any CPU.ActiveCfg = Debug|x86
		{C6F2A08C-CB44-4384-A16C-8C16EDAD0574}.Debug|ARM.ActiveCfg = Debug|ARM
		{C6F2A08C-CB44-4384-A16C-8C16EDAD0574}.Debug|ARM.Build.0 = Debug|ARM
		{C6F2A08C-CB44-4384-A16C-8C16EDAD0574}.Debug|ARM.Deploy.0 = Debug|ARM
		{C6F2A08C-CB44-4384-A16C-8C16EDAD0574}.Debug|x64.ActiveCfg = Debug|x64
		{C6F2A08C-CB44-4384-A16C-8C16EDAD0574}.Debug|x64.Build.0 = Debug|x64
		{C6F2A08C-CB44-4384-A16C-8C16EDAD0574}.Debug|x64.Deploy.0 = Debug|x64
		{C6F2A08C-CB44-4384-A16C-8C16EDAD0574}.Debug|x86.ActiveCfg = Debug|x86
		{C6F2A08C-CB44-4384-A16C-8C16EDAD0574}.Debug|x86.Build.0 = Debug|x86
		{C6F2A08C-CB44-4384-A16C-8C16EDAD0574}.Debug|x86.Deploy.0 = Debug|x86
		{C6F2A08C-CB44-4384-A16C-8C16EDAD0574}.Release|Any CPU.ActiveCfg = Release|x86
		{C6F2A08C-CB44-4384-A16C-8C16EDAD0574}.Release|ARM.ActiveCfg = Release|ARM
		{C6F2A08C-CB44-4384-A16C-8C16EDAD0574}.Release|ARM.Build.0 = Release|ARM
		{C6F2A08C-CB44-4384-A16C-8C16EDAD0574}.Release|ARM.Deploy.0 = Release|ARM
		{C6F2A08C-CB44-4384-A16C-8C16EDAD0574}.Release|x64.ActiveCfg = Release|x64
		{C6F2A08C-CB44-4384-A16C-8C16EDAD0574}.Release|x64.Build.0 = Release|x64
		{C6F2A08C-CB44-4384-A16C-8C16EDAD0574}.Release|x64.Deploy.0 = Release|x64
		{C6F2A08C-CB44-4384-A16C-8C16EDAD0574}.Release|x86.ActiveCfg = Release|x86
		{C6F2A08C-CB44-4384-A16C-8C16EDAD0574}.Release|x86.Build.0 = Release|x86
		{C6F2A08C-CB44-4384-A16C-8C16EDAD0574}.Release|x86.Deploy.0 = Release|x86
	EndGlobalSection
	GlobalSection(SolutionProperties) = preSolution
		HideSolutionNode = FALSE
	EndGlobalSection
	GlobalSection(NestedProjects) = preSolution
		{BFA72AE1-0CB0-4991-A23C-4A3AD836CCF4} = {A90A407A-F395-498E-8D5F-39BB3F3B0112}
		{1BD1BC4B-F0B7-4B8A-B27D-741413A19518} = {A90A407A-F395-498E-8D5F-39BB3F3B0112}
		{7EAE4838-BF0D-48EC-AF8F-2F979FAC91E2} = {A90A407A-F395-498E-8D5F-39BB3F3B0112}
		{834BD393-52AF-43DB-879F-934F9CADF811} = {A90A407A-F395-498E-8D5F-39BB3F3B0112}
		{17ADF4D3-9B3E-4DEC-B2E2-2417CCC1FFE8} = {65F56BAC-C679-4531-AA68-A66CAAB1AFFE}
		{6E47AAEF-A369-4767-BA36-1E59C1E64F45} = {A90A407A-F395-498E-8D5F-39BB3F3B0112}
		{152BB566-C7FF-47C7-AA15-EAB367ABECC6} = {72112578-3912-41F1-8242-E5F8A80E2F13}
		{4428C367-6D43-44D9-8C96-DDE783019613} = {65F56BAC-C679-4531-AA68-A66CAAB1AFFE}
		{FF200C31-7908-4DC4-B917-E20A415D20DF} = {72112578-3912-41F1-8242-E5F8A80E2F13}
		{C082DED4-FBB4-4A92-89F5-6FA8FFED436C} = {A90A407A-F395-498E-8D5F-39BB3F3B0112}
		{C6F2A08C-CB44-4384-A16C-8C16EDAD0574} = {72112578-3912-41F1-8242-E5F8A80E2F13}
	EndGlobalSection
	GlobalSection(ExtensibilityGlobals) = postSolution
		SolutionGuid = {9FF5A33A-8317-437F-A5C7-857B68932D93}
	EndGlobalSection
EndGlobal
